// !$*UTF8*$!
{
	archiveVersion = 1;
	classes = {
	};
	objectVersion = 55;
	objects = {

/* Begin PBXBuildFile section */
		2899D149281AFC53001A3E0A /* User.swift in Sources */ = {isa = PBXBuildFile; fileRef = 2899D148281AFC53001A3E0A /* User.swift */; };
		289B1EE8284199FD00CAAA1E /* Extensions.swift in Sources */ = {isa = PBXBuildFile; fileRef = 289B1EE7284199FD00CAAA1E /* Extensions.swift */; };
		289B1EEA28419A8E00CAAA1E /* Time.swift in Sources */ = {isa = PBXBuildFile; fileRef = 289B1EE928419A8E00CAAA1E /* Time.swift */; };
		289B1F06284407FC00CAAA1E /* UserHistoryData.xcdatamodeld in Sources */ = {isa = PBXBuildFile; fileRef = 289B1F04284407FC00CAAA1E /* UserHistoryData.xcdatamodeld */; };
		289B1F0D2844089200CAAA1E /* WakeTime+CoreDataClass.swift in Sources */ = {isa = PBXBuildFile; fileRef = 289B1F072844089200CAAA1E /* WakeTime+CoreDataClass.swift */; };
		289B1F0E2844089200CAAA1E /* WakeTime+CoreDataProperties.swift in Sources */ = {isa = PBXBuildFile; fileRef = 289B1F082844089200CAAA1E /* WakeTime+CoreDataProperties.swift */; };
		289B1F0F2844089200CAAA1E /* SleepTime+CoreDataClass.swift in Sources */ = {isa = PBXBuildFile; fileRef = 289B1F092844089200CAAA1E /* SleepTime+CoreDataClass.swift */; };
		289B1F102844089200CAAA1E /* SleepTime+CoreDataProperties.swift in Sources */ = {isa = PBXBuildFile; fileRef = 289B1F0A2844089200CAAA1E /* SleepTime+CoreDataProperties.swift */; };
		289B1F112844089200CAAA1E /* SleepDurationTime+CoreDataClass.swift in Sources */ = {isa = PBXBuildFile; fileRef = 289B1F0B2844089200CAAA1E /* SleepDurationTime+CoreDataClass.swift */; };
		289B1F122844089200CAAA1E /* SleepDurationTime+CoreDataProperties.swift in Sources */ = {isa = PBXBuildFile; fileRef = 289B1F0C2844089200CAAA1E /* SleepDurationTime+CoreDataProperties.swift */; };
		289B1F1428440A5100CAAA1E /* CoreDataHandler.swift in Sources */ = {isa = PBXBuildFile; fileRef = 289B1F1328440A5100CAAA1E /* CoreDataHandler.swift */; };
		28B7006928203CF800C0CB5A /* TimeCircle.swift in Sources */ = {isa = PBXBuildFile; fileRef = 28B7006828203CF800C0CB5A /* TimeCircle.swift */; };
		28DCB82B2844365E005868A2 /* TimeTransformer.swift in Sources */ = {isa = PBXBuildFile; fileRef = 28DCB82A2844365E005868A2 /* TimeTransformer.swift */; };
		3962A1EE27DCA40500358C48 /* AppDelegate.swift in Sources */ = {isa = PBXBuildFile; fileRef = 3962A1ED27DCA40500358C48 /* AppDelegate.swift */; };
		3962A1F027DCA40500358C48 /* SceneDelegate.swift in Sources */ = {isa = PBXBuildFile; fileRef = 3962A1EF27DCA40500358C48 /* SceneDelegate.swift */; };
		3962A1F727DCA40600358C48 /* Assets.xcassets in Resources */ = {isa = PBXBuildFile; fileRef = 3962A1F627DCA40600358C48 /* Assets.xcassets */; };
		3962A1FA27DCA40600358C48 /* LaunchScreen.storyboard in Resources */ = {isa = PBXBuildFile; fileRef = 3962A1F827DCA40600358C48 /* LaunchScreen.storyboard */; };
		398162032817094F00963F04 /* InfoPresenter.swift in Sources */ = {isa = PBXBuildFile; fileRef = 398162022817094F00963F04 /* InfoPresenter.swift */; };
		3981620A281712A300963F04 /* InfoViewController.swift in Sources */ = {isa = PBXBuildFile; fileRef = 39816209281712A300963F04 /* InfoViewController.swift */; };
		3981620C2817132D00963F04 /* InfoBuilder.swift in Sources */ = {isa = PBXBuildFile; fileRef = 3981620B2817132D00963F04 /* InfoBuilder.swift */; };
		39816212281842B600963F04 /* ListenViewController.swift in Sources */ = {isa = PBXBuildFile; fileRef = 39816210281842B600963F04 /* ListenViewController.swift */; };
		39816213281842B600963F04 /* ListenViewController.xib in Resources */ = {isa = PBXBuildFile; fileRef = 39816211281842B600963F04 /* ListenViewController.xib */; };
		398162152818438000963F04 /* ListenPresenter.swift in Sources */ = {isa = PBXBuildFile; fileRef = 398162142818438000963F04 /* ListenPresenter.swift */; };
		3981621728184A2700963F04 /* InfoViewController.xib in Resources */ = {isa = PBXBuildFile; fileRef = 3981621628184A2700963F04 /* InfoViewController.xib */; };
		3981621928184FFD00963F04 /* ListenBuilder.swift in Sources */ = {isa = PBXBuildFile; fileRef = 3981621828184FFD00963F04 /* ListenBuilder.swift */; };
		3981621E2818539900963F04 /* RestBuilder.swift in Sources */ = {isa = PBXBuildFile; fileRef = 3981621D2818539900963F04 /* RestBuilder.swift */; };
		39816221281853B700963F04 /* RestViewController.swift in Sources */ = {isa = PBXBuildFile; fileRef = 3981621F281853B700963F04 /* RestViewController.swift */; };
		398162242818542300963F04 /* RestViewPresenter.swift in Sources */ = {isa = PBXBuildFile; fileRef = 398162232818542300963F04 /* RestViewPresenter.swift */; };
		3981622A2818552400963F04 /* ProfileViewController.swift in Sources */ = {isa = PBXBuildFile; fileRef = 398162282818552400963F04 /* ProfileViewController.swift */; };
		3981622F281855E500963F04 /* ProfilePresenter.swift in Sources */ = {isa = PBXBuildFile; fileRef = 3981622E281855E500963F04 /* ProfilePresenter.swift */; };
		398162312818561500963F04 /* ProfileBuilder.swift in Sources */ = {isa = PBXBuildFile; fileRef = 398162302818561500963F04 /* ProfileBuilder.swift */; };
		398162352818650200963F04 /* ProfileViewController.xib in Resources */ = {isa = PBXBuildFile; fileRef = 398162342818650200963F04 /* ProfileViewController.xib */; };
		398162372818670300963F04 /* RestViewController.xib in Resources */ = {isa = PBXBuildFile; fileRef = 398162362818670300963F04 /* RestViewController.xib */; };
/* End PBXBuildFile section */

/* Begin PBXFileReference section */
		2899D148281AFC53001A3E0A /* User.swift */ = {isa = PBXFileReference; lastKnownFileType = sourcecode.swift; path = User.swift; sourceTree = "<group>"; };
		289B1EE7284199FD00CAAA1E /* Extensions.swift */ = {isa = PBXFileReference; lastKnownFileType = sourcecode.swift; path = Extensions.swift; sourceTree = "<group>"; };
		289B1EE928419A8E00CAAA1E /* Time.swift */ = {isa = PBXFileReference; lastKnownFileType = sourcecode.swift; path = Time.swift; sourceTree = "<group>"; };
		289B1F05284407FC00CAAA1E /* UserHistoryData.xcdatamodel */ = {isa = PBXFileReference; lastKnownFileType = wrapper.xcdatamodel; path = UserHistoryData.xcdatamodel; sourceTree = "<group>"; };
		289B1F072844089200CAAA1E /* WakeTime+CoreDataClass.swift */ = {isa = PBXFileReference; lastKnownFileType = sourcecode.swift; path = "WakeTime+CoreDataClass.swift"; sourceTree = "<group>"; };
		289B1F082844089200CAAA1E /* WakeTime+CoreDataProperties.swift */ = {isa = PBXFileReference; lastKnownFileType = sourcecode.swift; path = "WakeTime+CoreDataProperties.swift"; sourceTree = "<group>"; };
		289B1F092844089200CAAA1E /* SleepTime+CoreDataClass.swift */ = {isa = PBXFileReference; lastKnownFileType = sourcecode.swift; path = "SleepTime+CoreDataClass.swift"; sourceTree = "<group>"; };
		289B1F0A2844089200CAAA1E /* SleepTime+CoreDataProperties.swift */ = {isa = PBXFileReference; lastKnownFileType = sourcecode.swift; path = "SleepTime+CoreDataProperties.swift"; sourceTree = "<group>"; };
		289B1F0B2844089200CAAA1E /* SleepDurationTime+CoreDataClass.swift */ = {isa = PBXFileReference; lastKnownFileType = sourcecode.swift; path = "SleepDurationTime+CoreDataClass.swift"; sourceTree = "<group>"; };
		289B1F0C2844089200CAAA1E /* SleepDurationTime+CoreDataProperties.swift */ = {isa = PBXFileReference; lastKnownFileType = sourcecode.swift; path = "SleepDurationTime+CoreDataProperties.swift"; sourceTree = "<group>"; };
		289B1F1328440A5100CAAA1E /* CoreDataHandler.swift */ = {isa = PBXFileReference; lastKnownFileType = sourcecode.swift; path = CoreDataHandler.swift; sourceTree = "<group>"; };
		28B7006828203CF800C0CB5A /* TimeCircle.swift */ = {isa = PBXFileReference; lastKnownFileType = sourcecode.swift; path = TimeCircle.swift; sourceTree = "<group>"; };
		28DCB82A2844365E005868A2 /* TimeTransformer.swift */ = {isa = PBXFileReference; lastKnownFileType = sourcecode.swift; path = TimeTransformer.swift; sourceTree = "<group>"; };
		3962A1EA27DCA40500358C48 /* SleepApp.app */ = {isa = PBXFileReference; explicitFileType = wrapper.application; includeInIndex = 0; path = SleepApp.app; sourceTree = BUILT_PRODUCTS_DIR; };
		3962A1ED27DCA40500358C48 /* AppDelegate.swift */ = {isa = PBXFileReference; lastKnownFileType = sourcecode.swift; path = AppDelegate.swift; sourceTree = "<group>"; };
		3962A1EF27DCA40500358C48 /* SceneDelegate.swift */ = {isa = PBXFileReference; lastKnownFileType = sourcecode.swift; path = SceneDelegate.swift; sourceTree = "<group>"; };
		3962A1F627DCA40600358C48 /* Assets.xcassets */ = {isa = PBXFileReference; lastKnownFileType = folder.assetcatalog; path = Assets.xcassets; sourceTree = "<group>"; };
		3962A1F927DCA40600358C48 /* Base */ = {isa = PBXFileReference; lastKnownFileType = file.storyboard; name = Base; path = Base.lproj/LaunchScreen.storyboard; sourceTree = "<group>"; };
		3962A1FB27DCA40600358C48 /* Info.plist */ = {isa = PBXFileReference; lastKnownFileType = text.plist.xml; path = Info.plist; sourceTree = "<group>"; };
		398162022817094F00963F04 /* InfoPresenter.swift */ = {isa = PBXFileReference; lastKnownFileType = sourcecode.swift; path = InfoPresenter.swift; sourceTree = "<group>"; };
		39816209281712A300963F04 /* InfoViewController.swift */ = {isa = PBXFileReference; lastKnownFileType = sourcecode.swift; path = InfoViewController.swift; sourceTree = "<group>"; };
		3981620B2817132D00963F04 /* InfoBuilder.swift */ = {isa = PBXFileReference; lastKnownFileType = sourcecode.swift; path = InfoBuilder.swift; sourceTree = "<group>"; };
		39816210281842B600963F04 /* ListenViewController.swift */ = {isa = PBXFileReference; lastKnownFileType = sourcecode.swift; path = ListenViewController.swift; sourceTree = "<group>"; };
		39816211281842B600963F04 /* ListenViewController.xib */ = {isa = PBXFileReference; lastKnownFileType = file.xib; path = ListenViewController.xib; sourceTree = "<group>"; };
		398162142818438000963F04 /* ListenPresenter.swift */ = {isa = PBXFileReference; lastKnownFileType = sourcecode.swift; path = ListenPresenter.swift; sourceTree = "<group>"; };
		3981621628184A2700963F04 /* InfoViewController.xib */ = {isa = PBXFileReference; lastKnownFileType = file.xib; path = InfoViewController.xib; sourceTree = "<group>"; };
		3981621828184FFD00963F04 /* ListenBuilder.swift */ = {isa = PBXFileReference; lastKnownFileType = sourcecode.swift; path = ListenBuilder.swift; sourceTree = "<group>"; };
		3981621D2818539900963F04 /* RestBuilder.swift */ = {isa = PBXFileReference; lastKnownFileType = sourcecode.swift; path = RestBuilder.swift; sourceTree = "<group>"; };
		3981621F281853B700963F04 /* RestViewController.swift */ = {isa = PBXFileReference; lastKnownFileType = sourcecode.swift; path = RestViewController.swift; sourceTree = "<group>"; };
		398162232818542300963F04 /* RestViewPresenter.swift */ = {isa = PBXFileReference; lastKnownFileType = sourcecode.swift; path = RestViewPresenter.swift; sourceTree = "<group>"; };
		398162282818552400963F04 /* ProfileViewController.swift */ = {isa = PBXFileReference; lastKnownFileType = sourcecode.swift; path = ProfileViewController.swift; sourceTree = "<group>"; };
		3981622E281855E500963F04 /* ProfilePresenter.swift */ = {isa = PBXFileReference; lastKnownFileType = sourcecode.swift; path = ProfilePresenter.swift; sourceTree = "<group>"; };
		398162302818561500963F04 /* ProfileBuilder.swift */ = {isa = PBXFileReference; lastKnownFileType = sourcecode.swift; path = ProfileBuilder.swift; sourceTree = "<group>"; };
		398162342818650200963F04 /* ProfileViewController.xib */ = {isa = PBXFileReference; lastKnownFileType = file.xib; path = ProfileViewController.xib; sourceTree = "<group>"; };
		398162362818670300963F04 /* RestViewController.xib */ = {isa = PBXFileReference; lastKnownFileType = file.xib; path = RestViewController.xib; sourceTree = "<group>"; };
		D3DCDE08DD9B1CBE13F0B82E /* Pods-SleepApp.debug.xcconfig */ = {isa = PBXFileReference; includeInIndex = 1; lastKnownFileType = text.xcconfig; name = "Pods-SleepApp.debug.xcconfig"; path = "Target Support Files/Pods-SleepApp/Pods-SleepApp.debug.xcconfig"; sourceTree = "<group>"; };
		ED1E3905E7810792DD46DEDA /* Pods-SleepApp.release.xcconfig */ = {isa = PBXFileReference; includeInIndex = 1; lastKnownFileType = text.xcconfig; name = "Pods-SleepApp.release.xcconfig"; path = "Target Support Files/Pods-SleepApp/Pods-SleepApp.release.xcconfig"; sourceTree = "<group>"; };
/* End PBXFileReference section */

/* Begin PBXFrameworksBuildPhase section */
		3962A1E727DCA40500358C48 /* Frameworks */ = {
			isa = PBXFrameworksBuildPhase;
			buildActionMask = 2147483647;
			files = (
			);
			runOnlyForDeploymentPostprocessing = 0;
		};
/* End PBXFrameworksBuildPhase section */

/* Begin PBXGroup section */
		284CC14D27FF7F2700878E8E /* RestModule */ = {
			isa = PBXGroup;
			children = (
				3981621D2818539900963F04 /* RestBuilder.swift */,
				3981621B2818538700963F04 /* View */,
				3981621A2818538200963F04 /* Presenter */,
			);
			path = RestModule;
			sourceTree = "<group>";
		};
		284CC14E27FF7F4500878E8E /* InfoModule */ = {
			isa = PBXGroup;
			children = (
				3981620B2817132D00963F04 /* InfoBuilder.swift */,
				3981620728170CD100963F04 /* Model */,
				3981620628170CC900963F04 /* View */,
				3981620828170CD600963F04 /* Presenter */,
			);
			path = InfoModule;
			sourceTree = "<group>";
		};
		284CC14F27FF7F4F00878E8E /* ListenModule */ = {
			isa = PBXGroup;
			children = (
				3981621828184FFD00963F04 /* ListenBuilder.swift */,
				3981620D2818424D00963F04 /* Model */,
				3981620E2818425400963F04 /* View */,
				3981620F2818425E00963F04 /* Presenter */,
			);
			path = ListenModule;
			sourceTree = "<group>";
		};
		284CC15027FF7F5A00878E8E /* ProfileModule */ = {
			isa = PBXGroup;
			children = (
				398162302818561500963F04 /* ProfileBuilder.swift */,
				398162272818547000963F04 /* Model */,
				398162262818546B00963F04 /* View */,
				398162252818546600963F04 /* Presenter */,
			);
			path = ProfileModule;
			sourceTree = "<group>";
		};
		289B1EF12843F19600CAAA1E /* Core Data */ = {
			isa = PBXGroup;
			children = (
				289B1F072844089200CAAA1E /* WakeTime+CoreDataClass.swift */,
				289B1F082844089200CAAA1E /* WakeTime+CoreDataProperties.swift */,
				289B1F092844089200CAAA1E /* SleepTime+CoreDataClass.swift */,
				289B1F0A2844089200CAAA1E /* SleepTime+CoreDataProperties.swift */,
				289B1F0B2844089200CAAA1E /* SleepDurationTime+CoreDataClass.swift */,
				289B1F0C2844089200CAAA1E /* SleepDurationTime+CoreDataProperties.swift */,
				289B1F04284407FC00CAAA1E /* UserHistoryData.xcdatamodeld */,
				289B1F1328440A5100CAAA1E /* CoreDataHandler.swift */,
			);
			path = "Core Data";
			sourceTree = "<group>";
		};
		28DCB82C284569E6005868A2 /* Models */ = {
			isa = PBXGroup;
			children = (
				2899D148281AFC53001A3E0A /* User.swift */,
				289B1EE928419A8E00CAAA1E /* Time.swift */,
			);
			path = Models;
			sourceTree = "<group>";
		};
		28DCB82D284569F5005868A2 /* Transformers */ = {
			isa = PBXGroup;
			children = (
				28DCB82A2844365E005868A2 /* TimeTransformer.swift */,
			);
			path = Transformers;
			sourceTree = "<group>";
		};
		39224AF127EB6795005CC973 /* Resources */ = {
			isa = PBXGroup;
			children = (
				3962A1F827DCA40600358C48 /* LaunchScreen.storyboard */,
				3962A1F627DCA40600358C48 /* Assets.xcassets */,
				3962A1FB27DCA40600358C48 /* Info.plist */,
			);
			path = Resources;
			sourceTree = "<group>";
		};
		3962A1E127DCA40500358C48 = {
			isa = PBXGroup;
			children = (
				289B1EF12843F19600CAAA1E /* Core Data */,
				3962A1EC27DCA40500358C48 /* SleepApp */,
				3962A1EB27DCA40500358C48 /* Products */,
				92BFCF53760EC96E8C625F8A /* Pods */,
				54E926CE1F54248C16332E3D /* Frameworks */,
			);
			sourceTree = "<group>";
		};
		3962A1EB27DCA40500358C48 /* Products */ = {
			isa = PBXGroup;
			children = (
				3962A1EA27DCA40500358C48 /* SleepApp.app */,
			);
			name = Products;
			sourceTree = "<group>";
		};
		3962A1EC27DCA40500358C48 /* SleepApp */ = {
			isa = PBXGroup;
			children = (
				284CC14D27FF7F2700878E8E /* RestModule */,
				284CC14E27FF7F4500878E8E /* InfoModule */,
				284CC14F27FF7F4F00878E8E /* ListenModule */,
				284CC15027FF7F5A00878E8E /* ProfileModule */,
				3962A1ED27DCA40500358C48 /* AppDelegate.swift */,
				28DCB82D284569F5005868A2 /* Transformers */,
				3962A1EF27DCA40500358C48 /* SceneDelegate.swift */,
				39224AF127EB6795005CC973 /* Resources */,
				28DCB82C284569E6005868A2 /* Models */,
				289B1EE7284199FD00CAAA1E /* Extensions.swift */,
			);
			path = SleepApp;
			sourceTree = "<group>";
		};
		3981620628170CC900963F04 /* View */ = {
			isa = PBXGroup;
			children = (
				3981621628184A2700963F04 /* InfoViewController.xib */,
				39816209281712A300963F04 /* InfoViewController.swift */,
			);
			path = View;
			sourceTree = "<group>";
		};
		3981620728170CD100963F04 /* Model */ = {
			isa = PBXGroup;
			children = (
			);
			path = Model;
			sourceTree = "<group>";
		};
		3981620828170CD600963F04 /* Presenter */ = {
			isa = PBXGroup;
			children = (
				398162022817094F00963F04 /* InfoPresenter.swift */,
			);
			path = Presenter;
			sourceTree = "<group>";
		};
		3981620D2818424D00963F04 /* Model */ = {
			isa = PBXGroup;
			children = (
			);
			path = Model;
			sourceTree = "<group>";
		};
		3981620E2818425400963F04 /* View */ = {
			isa = PBXGroup;
			children = (
				39816211281842B600963F04 /* ListenViewController.xib */,
				39816210281842B600963F04 /* ListenViewController.swift */,
			);
			path = View;
			sourceTree = "<group>";
		};
		3981620F2818425E00963F04 /* Presenter */ = {
			isa = PBXGroup;
			children = (
				398162142818438000963F04 /* ListenPresenter.swift */,
			);
			path = Presenter;
			sourceTree = "<group>";
		};
		3981621A2818538200963F04 /* Presenter */ = {
			isa = PBXGroup;
			children = (
				398162232818542300963F04 /* RestViewPresenter.swift */,
				28B7006828203CF800C0CB5A /* TimeCircle.swift */,
			);
			path = Presenter;
			sourceTree = "<group>";
		};
		3981621B2818538700963F04 /* View */ = {
			isa = PBXGroup;
			children = (
				3981621F281853B700963F04 /* RestViewController.swift */,
				398162362818670300963F04 /* RestViewController.xib */,
			);
			path = View;
			sourceTree = "<group>";
		};
		398162252818546600963F04 /* Presenter */ = {
			isa = PBXGroup;
			children = (
				3981622E281855E500963F04 /* ProfilePresenter.swift */,
			);
			path = Presenter;
			sourceTree = "<group>";
		};
		398162262818546B00963F04 /* View */ = {
			isa = PBXGroup;
			children = (
				398162282818552400963F04 /* ProfileViewController.swift */,
				398162342818650200963F04 /* ProfileViewController.xib */,
			);
			path = View;
			sourceTree = "<group>";
		};
		398162272818547000963F04 /* Model */ = {
			isa = PBXGroup;
			children = (
			);
			path = Model;
			sourceTree = "<group>";
		};
		54E926CE1F54248C16332E3D /* Frameworks */ = {
			isa = PBXGroup;
			children = (
			);
			name = Frameworks;
			sourceTree = "<group>";
		};
		92BFCF53760EC96E8C625F8A /* Pods */ = {
			isa = PBXGroup;
			children = (
				D3DCDE08DD9B1CBE13F0B82E /* Pods-SleepApp.debug.xcconfig */,
				ED1E3905E7810792DD46DEDA /* Pods-SleepApp.release.xcconfig */,
			);
			path = Pods;
			sourceTree = "<group>";
		};
/* End PBXGroup section */

/* Begin PBXNativeTarget section */
		3962A1E927DCA40500358C48 /* SleepApp */ = {
			isa = PBXNativeTarget;
			buildConfigurationList = 3962A1FE27DCA40600358C48 /* Build configuration list for PBXNativeTarget "SleepApp" */;
			buildPhases = (
				108602DB3C21F714A11C6C23 /* [CP] Check Pods Manifest.lock */,
				39EC50CC27F08CC600536424 /* ShellScript */,
				3962A1E627DCA40500358C48 /* Sources */,
				3962A1E727DCA40500358C48 /* Frameworks */,
				3962A1E827DCA40500358C48 /* Resources */,
			);
			buildRules = (
			);
			dependencies = (
			);
			name = SleepApp;
			productName = "Sleep App";
			productReference = 3962A1EA27DCA40500358C48 /* SleepApp.app */;
			productType = "com.apple.product-type.application";
		};
/* End PBXNativeTarget section */

/* Begin PBXProject section */
		3962A1E227DCA40500358C48 /* Project object */ = {
			isa = PBXProject;
			attributes = {
				BuildIndependentTargetsInParallel = 1;
				LastSwiftUpdateCheck = 1300;
				LastUpgradeCheck = 1300;
				TargetAttributes = {
					3962A1E927DCA40500358C48 = {
						CreatedOnToolsVersion = 13.0;
					};
				};
			};
			buildConfigurationList = 3962A1E527DCA40500358C48 /* Build configuration list for PBXProject "SleepApp" */;
			compatibilityVersion = "Xcode 13.0";
			developmentRegion = en;
			hasScannedForEncodings = 0;
			knownRegions = (
				en,
				Base,
			);
			mainGroup = 3962A1E127DCA40500358C48;
			productRefGroup = 3962A1EB27DCA40500358C48 /* Products */;
			projectDirPath = "";
			projectRoot = "";
			targets = (
				3962A1E927DCA40500358C48 /* SleepApp */,
			);
		};
/* End PBXProject section */

/* Begin PBXResourcesBuildPhase section */
		3962A1E827DCA40500358C48 /* Resources */ = {
			isa = PBXResourcesBuildPhase;
			buildActionMask = 2147483647;
			files = (
				398162352818650200963F04 /* ProfileViewController.xib in Resources */,
				3962A1FA27DCA40600358C48 /* LaunchScreen.storyboard in Resources */,
				398162372818670300963F04 /* RestViewController.xib in Resources */,
				39816213281842B600963F04 /* ListenViewController.xib in Resources */,
				3962A1F727DCA40600358C48 /* Assets.xcassets in Resources */,
				3981621728184A2700963F04 /* InfoViewController.xib in Resources */,
			);
			runOnlyForDeploymentPostprocessing = 0;
		};
/* End PBXResourcesBuildPhase section */

/* Begin PBXShellScriptBuildPhase section */
		108602DB3C21F714A11C6C23 /* [CP] Check Pods Manifest.lock */ = {
			isa = PBXShellScriptBuildPhase;
			buildActionMask = 2147483647;
			files = (
			);
			inputFileListPaths = (
			);
			inputPaths = (
				"${PODS_PODFILE_DIR_PATH}/Podfile.lock",
				"${PODS_ROOT}/Manifest.lock",
			);
			name = "[CP] Check Pods Manifest.lock";
			outputFileListPaths = (
			);
			outputPaths = (
				"$(DERIVED_FILE_DIR)/Pods-SleepApp-checkManifestLockResult.txt",
			);
			runOnlyForDeploymentPostprocessing = 0;
			shellPath = /bin/sh;
			shellScript = "diff \"${PODS_PODFILE_DIR_PATH}/Podfile.lock\" \"${PODS_ROOT}/Manifest.lock\" > /dev/null\nif [ $? != 0 ] ; then\n    # print error to STDERR\n    echo \"error: The sandbox is not in sync with the Podfile.lock. Run 'pod install' or update your CocoaPods installation.\" >&2\n    exit 1\nfi\n# This output is used by Xcode 'outputs' to avoid re-running this script phase.\necho \"SUCCESS\" > \"${SCRIPT_OUTPUT_FILE_0}\"\n";
			showEnvVarsInLog = 0;
		};
		39EC50CC27F08CC600536424 /* ShellScript */ = {
			isa = PBXShellScriptBuildPhase;
			buildActionMask = 2147483647;
			files = (
			);
			inputFileListPaths = (
			);
			inputPaths = (
			);
			outputFileListPaths = (
			);
			outputPaths = (
			);
			runOnlyForDeploymentPostprocessing = 0;
			shellPath = /bin/sh;
			shellScript = "${PODS_ROOT}/SwiftLint/swiftlint\n";
		};
/* End PBXShellScriptBuildPhase section */

/* Begin PBXSourcesBuildPhase section */
		3962A1E627DCA40500358C48 /* Sources */ = {
			isa = PBXSourcesBuildPhase;
			buildActionMask = 2147483647;
			files = (
				3962A1EE27DCA40500358C48 /* AppDelegate.swift in Sources */,
				398162032817094F00963F04 /* InfoPresenter.swift in Sources */,
				39816221281853B700963F04 /* RestViewController.swift in Sources */,
				3981621E2818539900963F04 /* RestBuilder.swift in Sources */,
				289B1F0E2844089200CAAA1E /* WakeTime+CoreDataProperties.swift in Sources */,
				3981620A281712A300963F04 /* InfoViewController.swift in Sources */,
				3962A1F027DCA40500358C48 /* SceneDelegate.swift in Sources */,
				289B1EEA28419A8E00CAAA1E /* Time.swift in Sources */,
				3981622A2818552400963F04 /* ProfileViewController.swift in Sources */,
				3981621928184FFD00963F04 /* ListenBuilder.swift in Sources */,
				289B1F112844089200CAAA1E /* SleepDurationTime+CoreDataClass.swift in Sources */,
				2899D149281AFC53001A3E0A /* User.swift in Sources */,
				289B1F06284407FC00CAAA1E /* UserHistoryData.xcdatamodeld in Sources */,
				398162152818438000963F04 /* ListenPresenter.swift in Sources */,
				3981620C2817132D00963F04 /* InfoBuilder.swift in Sources */,
				289B1F1428440A5100CAAA1E /* CoreDataHandler.swift in Sources */,
				28DCB82B2844365E005868A2 /* TimeTransformer.swift in Sources */,
				398162242818542300963F04 /* RestViewPresenter.swift in Sources */,
				289B1F0D2844089200CAAA1E /* WakeTime+CoreDataClass.swift in Sources */,
				289B1F0F2844089200CAAA1E /* SleepTime+CoreDataClass.swift in Sources */,
				289B1F122844089200CAAA1E /* SleepDurationTime+CoreDataProperties.swift in Sources */,
				28B7006928203CF800C0CB5A /* TimeCircle.swift in Sources */,
				39816212281842B600963F04 /* ListenViewController.swift in Sources */,
				289B1EE8284199FD00CAAA1E /* Extensions.swift in Sources */,
				3981622F281855E500963F04 /* ProfilePresenter.swift in Sources */,
				289B1F102844089200CAAA1E /* SleepTime+CoreDataProperties.swift in Sources */,
				398162312818561500963F04 /* ProfileBuilder.swift in Sources */,
			);
			runOnlyForDeploymentPostprocessing = 0;
		};
/* End PBXSourcesBuildPhase section */

/* Begin PBXVariantGroup section */
		3962A1F827DCA40600358C48 /* LaunchScreen.storyboard */ = {
			isa = PBXVariantGroup;
			children = (
				3962A1F927DCA40600358C48 /* Base */,
			);
			name = LaunchScreen.storyboard;
			sourceTree = "<group>";
		};
/* End PBXVariantGroup section */

/* Begin XCBuildConfiguration section */
		3962A1FC27DCA40600358C48 /* Debug */ = {
			isa = XCBuildConfiguration;
			buildSettings = {
				ALWAYS_SEARCH_USER_PATHS = NO;
				CLANG_ANALYZER_NONNULL = YES;
				CLANG_ANALYZER_NUMBER_OBJECT_CONVERSION = YES_AGGRESSIVE;
				CLANG_CXX_LANGUAGE_STANDARD = "gnu++17";
				CLANG_CXX_LIBRARY = "libc++";
				CLANG_ENABLE_MODULES = YES;
				CLANG_ENABLE_OBJC_ARC = YES;
				CLANG_ENABLE_OBJC_WEAK = YES;
				CLANG_WARN_BLOCK_CAPTURE_AUTORELEASING = YES;
				CLANG_WARN_BOOL_CONVERSION = YES;
				CLANG_WARN_COMMA = YES;
				CLANG_WARN_CONSTANT_CONVERSION = YES;
				CLANG_WARN_DEPRECATED_OBJC_IMPLEMENTATIONS = YES;
				CLANG_WARN_DIRECT_OBJC_ISA_USAGE = YES_ERROR;
				CLANG_WARN_DOCUMENTATION_COMMENTS = YES;
				CLANG_WARN_EMPTY_BODY = YES;
				CLANG_WARN_ENUM_CONVERSION = YES;
				CLANG_WARN_INFINITE_RECURSION = YES;
				CLANG_WARN_INT_CONVERSION = YES;
				CLANG_WARN_NON_LITERAL_NULL_CONVERSION = YES;
				CLANG_WARN_OBJC_IMPLICIT_RETAIN_SELF = YES;
				CLANG_WARN_OBJC_LITERAL_CONVERSION = YES;
				CLANG_WARN_OBJC_ROOT_CLASS = YES_ERROR;
				CLANG_WARN_QUOTED_INCLUDE_IN_FRAMEWORK_HEADER = YES;
				CLANG_WARN_RANGE_LOOP_ANALYSIS = YES;
				CLANG_WARN_STRICT_PROTOTYPES = YES;
				CLANG_WARN_SUSPICIOUS_MOVE = YES;
				CLANG_WARN_UNGUARDED_AVAILABILITY = YES_AGGRESSIVE;
				CLANG_WARN_UNREACHABLE_CODE = YES;
				CLANG_WARN__DUPLICATE_METHOD_MATCH = YES;
				COPY_PHASE_STRIP = NO;
				DEBUG_INFORMATION_FORMAT = dwarf;
				ENABLE_STRICT_OBJC_MSGSEND = YES;
				ENABLE_TESTABILITY = YES;
				GCC_C_LANGUAGE_STANDARD = gnu11;
				GCC_DYNAMIC_NO_PIC = NO;
				GCC_NO_COMMON_BLOCKS = YES;
				GCC_OPTIMIZATION_LEVEL = 0;
				GCC_PREPROCESSOR_DEFINITIONS = (
					"DEBUG=1",
					"$(inherited)",
				);
				GCC_WARN_64_TO_32_BIT_CONVERSION = YES;
				GCC_WARN_ABOUT_RETURN_TYPE = YES_ERROR;
				GCC_WARN_UNDECLARED_SELECTOR = YES;
				GCC_WARN_UNINITIALIZED_AUTOS = YES_AGGRESSIVE;
				GCC_WARN_UNUSED_FUNCTION = YES;
				GCC_WARN_UNUSED_VARIABLE = YES;
				IPHONEOS_DEPLOYMENT_TARGET = 15.0;
				MTL_ENABLE_DEBUG_INFO = INCLUDE_SOURCE;
				MTL_FAST_MATH = YES;
				ONLY_ACTIVE_ARCH = YES;
				SDKROOT = iphoneos;
				SWIFT_ACTIVE_COMPILATION_CONDITIONS = DEBUG;
				SWIFT_OPTIMIZATION_LEVEL = "-Onone";
			};
			name = Debug;
		};
		3962A1FD27DCA40600358C48 /* Release */ = {
			isa = XCBuildConfiguration;
			buildSettings = {
				ALWAYS_SEARCH_USER_PATHS = NO;
				CLANG_ANALYZER_NONNULL = YES;
				CLANG_ANALYZER_NUMBER_OBJECT_CONVERSION = YES_AGGRESSIVE;
				CLANG_CXX_LANGUAGE_STANDARD = "gnu++17";
				CLANG_CXX_LIBRARY = "libc++";
				CLANG_ENABLE_MODULES = YES;
				CLANG_ENABLE_OBJC_ARC = YES;
				CLANG_ENABLE_OBJC_WEAK = YES;
				CLANG_WARN_BLOCK_CAPTURE_AUTORELEASING = YES;
				CLANG_WARN_BOOL_CONVERSION = YES;
				CLANG_WARN_COMMA = YES;
				CLANG_WARN_CONSTANT_CONVERSION = YES;
				CLANG_WARN_DEPRECATED_OBJC_IMPLEMENTATIONS = YES;
				CLANG_WARN_DIRECT_OBJC_ISA_USAGE = YES_ERROR;
				CLANG_WARN_DOCUMENTATION_COMMENTS = YES;
				CLANG_WARN_EMPTY_BODY = YES;
				CLANG_WARN_ENUM_CONVERSION = YES;
				CLANG_WARN_INFINITE_RECURSION = YES;
				CLANG_WARN_INT_CONVERSION = YES;
				CLANG_WARN_NON_LITERAL_NULL_CONVERSION = YES;
				CLANG_WARN_OBJC_IMPLICIT_RETAIN_SELF = YES;
				CLANG_WARN_OBJC_LITERAL_CONVERSION = YES;
				CLANG_WARN_OBJC_ROOT_CLASS = YES_ERROR;
				CLANG_WARN_QUOTED_INCLUDE_IN_FRAMEWORK_HEADER = YES;
				CLANG_WARN_RANGE_LOOP_ANALYSIS = YES;
				CLANG_WARN_STRICT_PROTOTYPES = YES;
				CLANG_WARN_SUSPICIOUS_MOVE = YES;
				CLANG_WARN_UNGUARDED_AVAILABILITY = YES_AGGRESSIVE;
				CLANG_WARN_UNREACHABLE_CODE = YES;
				CLANG_WARN__DUPLICATE_METHOD_MATCH = YES;
				COPY_PHASE_STRIP = NO;
				DEBUG_INFORMATION_FORMAT = "dwarf-with-dsym";
				ENABLE_NS_ASSERTIONS = NO;
				ENABLE_STRICT_OBJC_MSGSEND = YES;
				GCC_C_LANGUAGE_STANDARD = gnu11;
				GCC_NO_COMMON_BLOCKS = YES;
				GCC_WARN_64_TO_32_BIT_CONVERSION = YES;
				GCC_WARN_ABOUT_RETURN_TYPE = YES_ERROR;
				GCC_WARN_UNDECLARED_SELECTOR = YES;
				GCC_WARN_UNINITIALIZED_AUTOS = YES_AGGRESSIVE;
				GCC_WARN_UNUSED_FUNCTION = YES;
				GCC_WARN_UNUSED_VARIABLE = YES;
				IPHONEOS_DEPLOYMENT_TARGET = 15.0;
				MTL_ENABLE_DEBUG_INFO = NO;
				MTL_FAST_MATH = YES;
				SDKROOT = iphoneos;
				SWIFT_COMPILATION_MODE = wholemodule;
				SWIFT_OPTIMIZATION_LEVEL = "-O";
				VALIDATE_PRODUCT = YES;
			};
			name = Release;
		};
		3962A1FF27DCA40600358C48 /* Debug */ = {
			isa = XCBuildConfiguration;
			baseConfigurationReference = D3DCDE08DD9B1CBE13F0B82E /* Pods-SleepApp.debug.xcconfig */;
			buildSettings = {
				ASSETCATALOG_COMPILER_APPICON_NAME = AppIcon;
				ASSETCATALOG_COMPILER_GLOBAL_ACCENT_COLOR_NAME = AccentColor;
				CODE_SIGN_STYLE = Automatic;
				CURRENT_PROJECT_VERSION = 1;
				DEVELOPMENT_TEAM = 2JXHDBN22D;
				GENERATE_INFOPLIST_FILE = YES;
				INFOPLIST_FILE = SleepApp/Resources/Info.plist;
				INFOPLIST_KEY_UIApplicationSupportsIndirectInputEvents = YES;
				INFOPLIST_KEY_UILaunchStoryboardName = LaunchScreen;
				INFOPLIST_KEY_UISupportedInterfaceOrientations_iPad = "UIInterfaceOrientationPortrait UIInterfaceOrientationPortraitUpsideDown UIInterfaceOrientationLandscapeLeft UIInterfaceOrientationLandscapeRight";
				INFOPLIST_KEY_UISupportedInterfaceOrientations_iPhone = "UIInterfaceOrientationPortrait UIInterfaceOrientationLandscapeLeft UIInterfaceOrientationLandscapeRight";
				INFOPLIST_KEY_UIUserInterfaceStyle = Dark;
				IPHONEOS_DEPLOYMENT_TARGET = 15.0;
				LD_RUNPATH_SEARCH_PATHS = (
					"$(inherited)",
					"@executable_path/Frameworks",
				);
				MARKETING_VERSION = 1.0;
				PRODUCT_BUNDLE_IDENTIFIER = "ITIS.Sleep-App";
				PRODUCT_NAME = "$(TARGET_NAME)";
				SWIFT_EMIT_LOC_STRINGS = YES;
				SWIFT_VERSION = 5.0;
				TARGETED_DEVICE_FAMILY = "1,2";
			};
			name = Debug;
		};
		3962A20027DCA40600358C48 /* Release */ = {
			isa = XCBuildConfiguration;
			baseConfigurationReference = ED1E3905E7810792DD46DEDA /* Pods-SleepApp.release.xcconfig */;
			buildSettings = {
				ASSETCATALOG_COMPILER_APPICON_NAME = AppIcon;
				ASSETCATALOG_COMPILER_GLOBAL_ACCENT_COLOR_NAME = AccentColor;
				CODE_SIGN_STYLE = Automatic;
				CURRENT_PROJECT_VERSION = 1;
				DEVELOPMENT_TEAM = 2JXHDBN22D;
				GENERATE_INFOPLIST_FILE = YES;
				INFOPLIST_FILE = SleepApp/Resources/Info.plist;
				INFOPLIST_KEY_UIApplicationSupportsIndirectInputEvents = YES;
				INFOPLIST_KEY_UILaunchStoryboardName = LaunchScreen;
				INFOPLIST_KEY_UISupportedInterfaceOrientations_iPad = "UIInterfaceOrientationPortrait UIInterfaceOrientationPortraitUpsideDown UIInterfaceOrientationLandscapeLeft UIInterfaceOrientationLandscapeRight";
				INFOPLIST_KEY_UISupportedInterfaceOrientations_iPhone = "UIInterfaceOrientationPortrait UIInterfaceOrientationLandscapeLeft UIInterfaceOrientationLandscapeRight";
				INFOPLIST_KEY_UIUserInterfaceStyle = Dark;
				IPHONEOS_DEPLOYMENT_TARGET = 15.0;
				LD_RUNPATH_SEARCH_PATHS = (
					"$(inherited)",
					"@executable_path/Frameworks",
				);
				MARKETING_VERSION = 1.0;
				PRODUCT_BUNDLE_IDENTIFIER = "ITIS.Sleep-App";
				PRODUCT_NAME = "$(TARGET_NAME)";
				SWIFT_EMIT_LOC_STRINGS = YES;
				SWIFT_VERSION = 5.0;
				TARGETED_DEVICE_FAMILY = "1,2";
			};
			name = Release;
		};
/* End XCBuildConfiguration section */

/* Begin XCConfigurationList section */
		3962A1E527DCA40500358C48 /* Build configuration list for PBXProject "SleepApp" */ = {
			isa = XCConfigurationList;
			buildConfigurations = (
				3962A1FC27DCA40600358C48 /* Debug */,
				3962A1FD27DCA40600358C48 /* Release */,
			);
			defaultConfigurationIsVisible = 0;
			defaultConfigurationName = Release;
		};
		3962A1FE27DCA40600358C48 /* Build configuration list for PBXNativeTarget "SleepApp" */ = {
			isa = XCConfigurationList;
			buildConfigurations = (
				3962A1FF27DCA40600358C48 /* Debug */,
				3962A20027DCA40600358C48 /* Release */,
			);
			defaultConfigurationIsVisible = 0;
			defaultConfigurationName = Release;
		};
/* End XCConfigurationList section */

/* Begin XCVersionGroup section */
		289B1F04284407FC00CAAA1E /* UserHistoryData.xcdatamodeld */ = {
			isa = XCVersionGroup;
			children = (
				289B1F05284407FC00CAAA1E /* UserHistoryData.xcdatamodel */,
			);
			currentVersion = 289B1F05284407FC00CAAA1E /* UserHistoryData.xcdatamodel */;
			path = UserHistoryData.xcdatamodeld;
			sourceTree = "<group>";
			versionGroupType = wrapper.xcdatamodel;
		};
/* End XCVersionGroup section */
	};
	rootObject = 3962A1E227DCA40500358C48 /* Project object */;
}
