// !$*UTF8*$!
{
	archiveVersion = 1;
	classes = {
	};
	objectVersion = 55;
	objects = {

/* Begin PBXBuildFile section */
		392026B0281AC83F000D0618 /* DetailPresenter.swift in Sources */ = {isa = PBXBuildFile; fileRef = 392026AF281AC83F000D0618 /* DetailPresenter.swift */; };
		392026B2281ADFD5000D0618 /* DetailViewController.xib in Resources */ = {isa = PBXBuildFile; fileRef = 392026B1281ADFD5000D0618 /* DetailViewController.xib */; };
		3932749C282FA9F500C2F790 /* TableViewAnimator.swift in Sources */ = {isa = PBXBuildFile; fileRef = 3932749B282FA9F500C2F790 /* TableViewAnimator.swift */; };
		39447C66281AE8C60058A7A5 /* MainTableViewCell.swift in Sources */ = {isa = PBXBuildFile; fileRef = 39447C64281AE8C60058A7A5 /* MainTableViewCell.swift */; };
		39447C67281AE8C60058A7A5 /* MainTableViewCell.xib in Resources */ = {isa = PBXBuildFile; fileRef = 39447C65281AE8C60058A7A5 /* MainTableViewCell.xib */; };
		39447C7F281AFC330058A7A5 /* SleepAppTests.swift in Sources */ = {isa = PBXBuildFile; fileRef = 39447C7E281AFC330058A7A5 /* SleepAppTests.swift */; };
		39447C86281AFEC50058A7A5 /* PresenterTests.swift in Sources */ = {isa = PBXBuildFile; fileRef = 39447C85281AFEC50058A7A5 /* PresenterTests.swift */; };
		395BB272281A9EBF00D99640 /* DetailViewController.swift in Sources */ = {isa = PBXBuildFile; fileRef = 395BB270281A9EBF00D99640 /* DetailViewController.swift */; };
		395BB27A281A9F7000D99640 /* DetailTableViewCell.swift in Sources */ = {isa = PBXBuildFile; fileRef = 395BB278281A9F7000D99640 /* DetailTableViewCell.swift */; };
		395BB27B281A9F7000D99640 /* DetailTableViewCell.xib in Resources */ = {isa = PBXBuildFile; fileRef = 395BB279281A9F7000D99640 /* DetailTableViewCell.xib */; };
		3962A1EE27DCA40500358C48 /* AppDelegate.swift in Sources */ = {isa = PBXBuildFile; fileRef = 3962A1ED27DCA40500358C48 /* AppDelegate.swift */; };
		3962A1F027DCA40500358C48 /* SceneDelegate.swift in Sources */ = {isa = PBXBuildFile; fileRef = 3962A1EF27DCA40500358C48 /* SceneDelegate.swift */; };
		3962A1F727DCA40600358C48 /* Assets.xcassets in Resources */ = {isa = PBXBuildFile; fileRef = 3962A1F627DCA40600358C48 /* Assets.xcassets */; };
		3962A1FA27DCA40600358C48 /* LaunchScreen.storyboard in Resources */ = {isa = PBXBuildFile; fileRef = 3962A1F827DCA40600358C48 /* LaunchScreen.storyboard */; };
		397A99762819A8700028E880 /* ContentStructures.swift in Sources */ = {isa = PBXBuildFile; fileRef = 397A99752819A8700028E880 /* ContentStructures.swift */; };
		397A99782819AF180028E880 /* MainViewController.xib in Resources */ = {isa = PBXBuildFile; fileRef = 397A99772819AF180028E880 /* MainViewController.xib */; };
		398162032817094F00963F04 /* InfoPresenter.swift in Sources */ = {isa = PBXBuildFile; fileRef = 398162022817094F00963F04 /* InfoPresenter.swift */; };
		3981620A281712A300963F04 /* InfoViewController.swift in Sources */ = {isa = PBXBuildFile; fileRef = 39816209281712A300963F04 /* InfoViewController.swift */; };
		3981620C2817132D00963F04 /* InfoBuilder.swift in Sources */ = {isa = PBXBuildFile; fileRef = 3981620B2817132D00963F04 /* InfoBuilder.swift */; };
		39816212281842B600963F04 /* MainViewController.swift in Sources */ = {isa = PBXBuildFile; fileRef = 39816210281842B600963F04 /* MainViewController.swift */; };
		398162152818438000963F04 /* MainPresenter.swift in Sources */ = {isa = PBXBuildFile; fileRef = 398162142818438000963F04 /* MainPresenter.swift */; };
		3981621728184A2700963F04 /* InfoViewController.xib in Resources */ = {isa = PBXBuildFile; fileRef = 3981621628184A2700963F04 /* InfoViewController.xib */; };
		3981621928184FFD00963F04 /* AssemblyBuilderProtocol.swift in Sources */ = {isa = PBXBuildFile; fileRef = 3981621828184FFD00963F04 /* AssemblyBuilderProtocol.swift */; };
		3981621E2818539900963F04 /* RestBuilder.swift in Sources */ = {isa = PBXBuildFile; fileRef = 3981621D2818539900963F04 /* RestBuilder.swift */; };
		39816221281853B700963F04 /* RestViewController.swift in Sources */ = {isa = PBXBuildFile; fileRef = 3981621F281853B700963F04 /* RestViewController.swift */; };
		398162242818542300963F04 /* RestPresenter.swift in Sources */ = {isa = PBXBuildFile; fileRef = 398162232818542300963F04 /* RestPresenter.swift */; };
		3981622A2818552400963F04 /* ProfileViewController.swift in Sources */ = {isa = PBXBuildFile; fileRef = 398162282818552400963F04 /* ProfileViewController.swift */; };
		3981622D2818556D00963F04 /* View.xib in Resources */ = {isa = PBXBuildFile; fileRef = 3981622C2818556D00963F04 /* View.xib */; };
		3981622F281855E500963F04 /* ProfilePresenter.swift in Sources */ = {isa = PBXBuildFile; fileRef = 3981622E281855E500963F04 /* ProfilePresenter.swift */; };
		398162312818561500963F04 /* ProfileBuilder.swift in Sources */ = {isa = PBXBuildFile; fileRef = 398162302818561500963F04 /* ProfileBuilder.swift */; };
		398162352818650200963F04 /* ProfileViewController.xib in Resources */ = {isa = PBXBuildFile; fileRef = 398162342818650200963F04 /* ProfileViewController.xib */; };
		398162372818670300963F04 /* RestViewController.xib in Resources */ = {isa = PBXBuildFile; fileRef = 398162362818670300963F04 /* RestViewController.xib */; };
		39A598FF2840F16400E1A391 /* NetworkService.swift in Sources */ = {isa = PBXBuildFile; fileRef = 39A598FE2840F16400E1A391 /* NetworkService.swift */; };
		39A599062840FE9A00E1A391 /* ListenViewController.swift in Sources */ = {isa = PBXBuildFile; fileRef = 39A599042840FE9A00E1A391 /* ListenViewController.swift */; };
		39A599072840FE9A00E1A391 /* ListenViewController.xib in Resources */ = {isa = PBXBuildFile; fileRef = 39A599052840FE9A00E1A391 /* ListenViewController.xib */; };
		39A5990A2840FFF000E1A391 /* ListenPresenter.swift in Sources */ = {isa = PBXBuildFile; fileRef = 39A599092840FFF000E1A391 /* ListenPresenter.swift */; };
		39A59912284BD7BC00E1A391 /* CollectionViewCell.swift in Sources */ = {isa = PBXBuildFile; fileRef = 39A59910284BD7BC00E1A391 /* CollectionViewCell.swift */; };
		39A59913284BD7BC00E1A391 /* CollectionViewCell.xib in Resources */ = {isa = PBXBuildFile; fileRef = 39A59911284BD7BC00E1A391 /* CollectionViewCell.xib */; };
		39BE29552821294F00AD7AF5 /* Router.swift in Sources */ = {isa = PBXBuildFile; fileRef = 39BE29542821294F00AD7AF5 /* Router.swift */; };
		39BE2957282148BE00AD7AF5 /* RouterTest.swift in Sources */ = {isa = PBXBuildFile; fileRef = 39BE2956282148BE00AD7AF5 /* RouterTest.swift */; };
		39EEC71D284BFAFE008879ED /* BigCollectionViewCell.swift in Sources */ = {isa = PBXBuildFile; fileRef = 39EEC71B284BFAFE008879ED /* BigCollectionViewCell.swift */; };
		39EEC71E284BFAFE008879ED /* BigCollectionViewCell.xib in Resources */ = {isa = PBXBuildFile; fileRef = 39EEC71C284BFAFE008879ED /* BigCollectionViewCell.xib */; };
		39EEC726284BFEC3008879ED /* BigCellCollectionViewCell.swift in Sources */ = {isa = PBXBuildFile; fileRef = 39EEC724284BFEC3008879ED /* BigCellCollectionViewCell.swift */; };
		39EEC727284BFEC3008879ED /* BigCellCollectionViewCell.xib in Resources */ = {isa = PBXBuildFile; fileRef = 39EEC725284BFEC3008879ED /* BigCellCollectionViewCell.xib */; };
		39FEF248284C175A00335100 /* InfoRouter.swift in Sources */ = {isa = PBXBuildFile; fileRef = 39FEF247284C175A00335100 /* InfoRouter.swift */; };
		39FEF24C284CB1F100335100 /* InfoStructures.swift in Sources */ = {isa = PBXBuildFile; fileRef = 39FEF24B284CB1F000335100 /* InfoStructures.swift */; };
		39FEF24F284CBB2200335100 /* InfoDetailViewController.swift in Sources */ = {isa = PBXBuildFile; fileRef = 39FEF24D284CBB2200335100 /* InfoDetailViewController.swift */; };
		39FEF250284CBB2200335100 /* InfoDetailViewController.xib in Resources */ = {isa = PBXBuildFile; fileRef = 39FEF24E284CBB2200335100 /* InfoDetailViewController.xib */; };
		39FEF252284CBE2200335100 /* InfoDetailPresenter.swift in Sources */ = {isa = PBXBuildFile; fileRef = 39FEF251284CBE2200335100 /* InfoDetailPresenter.swift */; };
		B6D7B806B4170019B93E2659 /* Pods_SleepApp.framework in Frameworks */ = {isa = PBXBuildFile; fileRef = A650A8BA26000A4EFB304217 /* Pods_SleepApp.framework */; };
/* End PBXBuildFile section */

/* Begin PBXContainerItemProxy section */
		39447C80281AFC330058A7A5 /* PBXContainerItemProxy */ = {
			isa = PBXContainerItemProxy;
			containerPortal = 3962A1E227DCA40500358C48 /* Project object */;
			proxyType = 1;
			remoteGlobalIDString = 3962A1E927DCA40500358C48;
			remoteInfo = SleepApp;
		};
/* End PBXContainerItemProxy section */

/* Begin PBXFileReference section */
		33BC5C6A3A0639204C22A402 /* Pods-SleepApp.release.xcconfig */ = {isa = PBXFileReference; includeInIndex = 1; lastKnownFileType = text.xcconfig; name = "Pods-SleepApp.release.xcconfig"; path = "Target Support Files/Pods-SleepApp/Pods-SleepApp.release.xcconfig"; sourceTree = "<group>"; };
		392026AF281AC83F000D0618 /* DetailPresenter.swift */ = {isa = PBXFileReference; lastKnownFileType = sourcecode.swift; path = DetailPresenter.swift; sourceTree = "<group>"; };
		392026B1281ADFD5000D0618 /* DetailViewController.xib */ = {isa = PBXFileReference; lastKnownFileType = file.xib; path = DetailViewController.xib; sourceTree = "<group>"; };
		3932749B282FA9F500C2F790 /* TableViewAnimator.swift */ = {isa = PBXFileReference; lastKnownFileType = sourcecode.swift; path = TableViewAnimator.swift; sourceTree = "<group>"; };
		39447C64281AE8C60058A7A5 /* MainTableViewCell.swift */ = {isa = PBXFileReference; lastKnownFileType = sourcecode.swift; path = MainTableViewCell.swift; sourceTree = "<group>"; };
		39447C65281AE8C60058A7A5 /* MainTableViewCell.xib */ = {isa = PBXFileReference; lastKnownFileType = file.xib; path = MainTableViewCell.xib; sourceTree = "<group>"; };
		39447C7C281AFC330058A7A5 /* SleepAppTests.xctest */ = {isa = PBXFileReference; explicitFileType = wrapper.cfbundle; includeInIndex = 0; path = SleepAppTests.xctest; sourceTree = BUILT_PRODUCTS_DIR; };
		39447C7E281AFC330058A7A5 /* SleepAppTests.swift */ = {isa = PBXFileReference; lastKnownFileType = sourcecode.swift; path = SleepAppTests.swift; sourceTree = "<group>"; };
		39447C85281AFEC50058A7A5 /* PresenterTests.swift */ = {isa = PBXFileReference; lastKnownFileType = sourcecode.swift; path = PresenterTests.swift; sourceTree = "<group>"; };
		395BB270281A9EBF00D99640 /* DetailViewController.swift */ = {isa = PBXFileReference; lastKnownFileType = sourcecode.swift; path = DetailViewController.swift; sourceTree = "<group>"; };
		395BB278281A9F7000D99640 /* DetailTableViewCell.swift */ = {isa = PBXFileReference; lastKnownFileType = sourcecode.swift; path = DetailTableViewCell.swift; sourceTree = "<group>"; };
		395BB279281A9F7000D99640 /* DetailTableViewCell.xib */ = {isa = PBXFileReference; lastKnownFileType = file.xib; path = DetailTableViewCell.xib; sourceTree = "<group>"; };
		3962A1EA27DCA40500358C48 /* SleepApp.app */ = {isa = PBXFileReference; explicitFileType = wrapper.application; includeInIndex = 0; path = SleepApp.app; sourceTree = BUILT_PRODUCTS_DIR; };
		3962A1ED27DCA40500358C48 /* AppDelegate.swift */ = {isa = PBXFileReference; lastKnownFileType = sourcecode.swift; path = AppDelegate.swift; sourceTree = "<group>"; };
		3962A1EF27DCA40500358C48 /* SceneDelegate.swift */ = {isa = PBXFileReference; lastKnownFileType = sourcecode.swift; path = SceneDelegate.swift; sourceTree = "<group>"; };
		3962A1F627DCA40600358C48 /* Assets.xcassets */ = {isa = PBXFileReference; lastKnownFileType = folder.assetcatalog; path = Assets.xcassets; sourceTree = "<group>"; };
		3962A1F927DCA40600358C48 /* Base */ = {isa = PBXFileReference; lastKnownFileType = file.storyboard; name = Base; path = Base.lproj/LaunchScreen.storyboard; sourceTree = "<group>"; };
		3962A1FB27DCA40600358C48 /* Info.plist */ = {isa = PBXFileReference; lastKnownFileType = text.plist.xml; path = Info.plist; sourceTree = "<group>"; };
		397A99752819A8700028E880 /* ContentStructures.swift */ = {isa = PBXFileReference; lastKnownFileType = sourcecode.swift; path = ContentStructures.swift; sourceTree = "<group>"; };
		397A99772819AF180028E880 /* MainViewController.xib */ = {isa = PBXFileReference; lastKnownFileType = file.xib; path = MainViewController.xib; sourceTree = "<group>"; };
		398162022817094F00963F04 /* InfoPresenter.swift */ = {isa = PBXFileReference; lastKnownFileType = sourcecode.swift; path = InfoPresenter.swift; sourceTree = "<group>"; };
		39816209281712A300963F04 /* InfoViewController.swift */ = {isa = PBXFileReference; lastKnownFileType = sourcecode.swift; path = InfoViewController.swift; sourceTree = "<group>"; };
		3981620B2817132D00963F04 /* InfoBuilder.swift */ = {isa = PBXFileReference; lastKnownFileType = sourcecode.swift; path = InfoBuilder.swift; sourceTree = "<group>"; };
		39816210281842B600963F04 /* MainViewController.swift */ = {isa = PBXFileReference; lastKnownFileType = sourcecode.swift; path = MainViewController.swift; sourceTree = "<group>"; };
		398162142818438000963F04 /* MainPresenter.swift */ = {isa = PBXFileReference; lastKnownFileType = sourcecode.swift; path = MainPresenter.swift; sourceTree = "<group>"; };
		3981621628184A2700963F04 /* InfoViewController.xib */ = {isa = PBXFileReference; lastKnownFileType = file.xib; path = InfoViewController.xib; sourceTree = "<group>"; };
		3981621828184FFD00963F04 /* AssemblyBuilderProtocol.swift */ = {isa = PBXFileReference; lastKnownFileType = sourcecode.swift; path = AssemblyBuilderProtocol.swift; sourceTree = "<group>"; };
		3981621D2818539900963F04 /* RestBuilder.swift */ = {isa = PBXFileReference; lastKnownFileType = sourcecode.swift; path = RestBuilder.swift; sourceTree = "<group>"; };
		3981621F281853B700963F04 /* RestViewController.swift */ = {isa = PBXFileReference; lastKnownFileType = sourcecode.swift; path = RestViewController.swift; sourceTree = "<group>"; };
		398162232818542300963F04 /* RestPresenter.swift */ = {isa = PBXFileReference; lastKnownFileType = sourcecode.swift; path = RestPresenter.swift; sourceTree = "<group>"; };
		398162282818552400963F04 /* ProfileViewController.swift */ = {isa = PBXFileReference; lastKnownFileType = sourcecode.swift; path = ProfileViewController.swift; sourceTree = "<group>"; };
		3981622C2818556D00963F04 /* View.xib */ = {isa = PBXFileReference; lastKnownFileType = file.xib; path = View.xib; sourceTree = "<group>"; };
		3981622E281855E500963F04 /* ProfilePresenter.swift */ = {isa = PBXFileReference; lastKnownFileType = sourcecode.swift; path = ProfilePresenter.swift; sourceTree = "<group>"; };
		398162302818561500963F04 /* ProfileBuilder.swift */ = {isa = PBXFileReference; lastKnownFileType = sourcecode.swift; path = ProfileBuilder.swift; sourceTree = "<group>"; };
		398162342818650200963F04 /* ProfileViewController.xib */ = {isa = PBXFileReference; lastKnownFileType = file.xib; path = ProfileViewController.xib; sourceTree = "<group>"; };
		398162362818670300963F04 /* RestViewController.xib */ = {isa = PBXFileReference; lastKnownFileType = file.xib; path = RestViewController.xib; sourceTree = "<group>"; };
		39A598FE2840F16400E1A391 /* NetworkService.swift */ = {isa = PBXFileReference; lastKnownFileType = sourcecode.swift; path = NetworkService.swift; sourceTree = "<group>"; };
		39A599042840FE9A00E1A391 /* ListenViewController.swift */ = {isa = PBXFileReference; lastKnownFileType = sourcecode.swift; path = ListenViewController.swift; sourceTree = "<group>"; };
		39A599052840FE9A00E1A391 /* ListenViewController.xib */ = {isa = PBXFileReference; lastKnownFileType = file.xib; path = ListenViewController.xib; sourceTree = "<group>"; };
		39A599092840FFF000E1A391 /* ListenPresenter.swift */ = {isa = PBXFileReference; lastKnownFileType = sourcecode.swift; path = ListenPresenter.swift; sourceTree = "<group>"; };
		39A59910284BD7BC00E1A391 /* CollectionViewCell.swift */ = {isa = PBXFileReference; lastKnownFileType = sourcecode.swift; path = CollectionViewCell.swift; sourceTree = "<group>"; };
		39A59911284BD7BC00E1A391 /* CollectionViewCell.xib */ = {isa = PBXFileReference; lastKnownFileType = file.xib; path = CollectionViewCell.xib; sourceTree = "<group>"; };
		39BE29542821294F00AD7AF5 /* Router.swift */ = {isa = PBXFileReference; lastKnownFileType = sourcecode.swift; path = Router.swift; sourceTree = "<group>"; };
		39BE2956282148BE00AD7AF5 /* RouterTest.swift */ = {isa = PBXFileReference; lastKnownFileType = sourcecode.swift; path = RouterTest.swift; sourceTree = "<group>"; };
		39EEC71B284BFAFE008879ED /* BigCollectionViewCell.swift */ = {isa = PBXFileReference; lastKnownFileType = sourcecode.swift; path = BigCollectionViewCell.swift; sourceTree = "<group>"; };
		39EEC71C284BFAFE008879ED /* BigCollectionViewCell.xib */ = {isa = PBXFileReference; lastKnownFileType = file.xib; path = BigCollectionViewCell.xib; sourceTree = "<group>"; };
		39EEC724284BFEC3008879ED /* BigCellCollectionViewCell.swift */ = {isa = PBXFileReference; lastKnownFileType = sourcecode.swift; path = BigCellCollectionViewCell.swift; sourceTree = "<group>"; };
		39EEC725284BFEC3008879ED /* BigCellCollectionViewCell.xib */ = {isa = PBXFileReference; lastKnownFileType = file.xib; path = BigCellCollectionViewCell.xib; sourceTree = "<group>"; };
		39FEF247284C175A00335100 /* InfoRouter.swift */ = {isa = PBXFileReference; lastKnownFileType = sourcecode.swift; path = InfoRouter.swift; sourceTree = "<group>"; };
		39FEF24B284CB1F000335100 /* InfoStructures.swift */ = {isa = PBXFileReference; lastKnownFileType = sourcecode.swift; path = InfoStructures.swift; sourceTree = "<group>"; };
		39FEF24D284CBB2200335100 /* InfoDetailViewController.swift */ = {isa = PBXFileReference; lastKnownFileType = sourcecode.swift; path = InfoDetailViewController.swift; sourceTree = "<group>"; };
		39FEF24E284CBB2200335100 /* InfoDetailViewController.xib */ = {isa = PBXFileReference; lastKnownFileType = file.xib; path = InfoDetailViewController.xib; sourceTree = "<group>"; };
		39FEF251284CBE2200335100 /* InfoDetailPresenter.swift */ = {isa = PBXFileReference; lastKnownFileType = sourcecode.swift; path = InfoDetailPresenter.swift; sourceTree = "<group>"; };
		A650A8BA26000A4EFB304217 /* Pods_SleepApp.framework */ = {isa = PBXFileReference; explicitFileType = wrapper.framework; includeInIndex = 0; path = Pods_SleepApp.framework; sourceTree = BUILT_PRODUCTS_DIR; };
		BE9C78439BE333DB0EF3B69B /* Pods-SleepApp.debug.xcconfig */ = {isa = PBXFileReference; includeInIndex = 1; lastKnownFileType = text.xcconfig; name = "Pods-SleepApp.debug.xcconfig"; path = "Target Support Files/Pods-SleepApp/Pods-SleepApp.debug.xcconfig"; sourceTree = "<group>"; };
/* End PBXFileReference section */

/* Begin PBXFrameworksBuildPhase section */
		39447C79281AFC330058A7A5 /* Frameworks */ = {
			isa = PBXFrameworksBuildPhase;
			buildActionMask = 2147483647;
			files = (
			);
			runOnlyForDeploymentPostprocessing = 0;
		};
		3962A1E727DCA40500358C48 /* Frameworks */ = {
			isa = PBXFrameworksBuildPhase;
			buildActionMask = 2147483647;
			files = (
				B6D7B806B4170019B93E2659 /* Pods_SleepApp.framework in Frameworks */,
			);
			runOnlyForDeploymentPostprocessing = 0;
		};
/* End PBXFrameworksBuildPhase section */

/* Begin PBXGroup section */
		284CC14D27FF7F2700878E8E /* RestModule */ = {
			isa = PBXGroup;
			children = (
				3981621D2818539900963F04 /* RestBuilder.swift */,
				3981621C2818538D00963F04 /* Model */,
				3981621B2818538700963F04 /* View */,
				3981621A2818538200963F04 /* Presenter */,
			);
			path = RestModule;
			sourceTree = "<group>";
		};
		284CC14E27FF7F4500878E8E /* InfoModule */ = {
			isa = PBXGroup;
			children = (
				39FEF247284C175A00335100 /* InfoRouter.swift */,
				3981620B2817132D00963F04 /* InfoBuilder.swift */,
				39A5990B284BD4DA00E1A391 /* InitialScreen */,
				39A5990C284BD4E900E1A391 /* DetailScreen */,
			);
			path = InfoModule;
			sourceTree = "<group>";
		};
		284CC14F27FF7F4F00878E8E /* ListenModule */ = {
			isa = PBXGroup;
			children = (
				39A598FD2840F15400E1A391 /* Services */,
				3932749D282FABA400C2F790 /* Animations */,
				395BB26A281A9DF800D99640 /* MainScreen */,
				395BB26C281A9E2000D99640 /* DetailScreen */,
				39A599002840FE4C00E1A391 /* ListenScreen */,
			);
			path = ListenModule;
			sourceTree = "<group>";
		};
		284CC15027FF7F5A00878E8E /* ProfileModule */ = {
			isa = PBXGroup;
			children = (
				398162302818561500963F04 /* ProfileBuilder.swift */,
				398162272818547000963F04 /* Model */,
				398162262818546B00963F04 /* View */,
				398162252818546600963F04 /* Presenter */,
			);
			path = ProfileModule;
			sourceTree = "<group>";
		};
		39224AF127EB6795005CC973 /* Resources */ = {
			isa = PBXGroup;
			children = (
				3962A1F827DCA40600358C48 /* LaunchScreen.storyboard */,
				3962A1F627DCA40600358C48 /* Assets.xcassets */,
				3962A1FB27DCA40600358C48 /* Info.plist */,
			);
			path = Resources;
			sourceTree = "<group>";
		};
		3932749D282FABA400C2F790 /* Animations */ = {
			isa = PBXGroup;
			children = (
				3932749B282FA9F500C2F790 /* TableViewAnimator.swift */,
			);
			path = Animations;
			sourceTree = "<group>";
		};
		39447C7D281AFC330058A7A5 /* SleepAppTests */ = {
			isa = PBXGroup;
			children = (
				39447C7E281AFC330058A7A5 /* SleepAppTests.swift */,
				39447C85281AFEC50058A7A5 /* PresenterTests.swift */,
				39BE2956282148BE00AD7AF5 /* RouterTest.swift */,
			);
			path = SleepAppTests;
			sourceTree = "<group>";
		};
		395BB26A281A9DF800D99640 /* MainScreen */ = {
			isa = PBXGroup;
			children = (
				3981620D2818424D00963F04 /* Model */,
				3981620E2818425400963F04 /* View */,
				3981620F2818425E00963F04 /* Presenter */,
			);
			path = MainScreen;
			sourceTree = "<group>";
		};
		395BB26C281A9E2000D99640 /* DetailScreen */ = {
			isa = PBXGroup;
			children = (
				395BB26F281A9E6A00D99640 /* Model */,
				395BB26E281A9E6600D99640 /* View */,
				395BB26D281A9E5E00D99640 /* Presenter */,
			);
			path = DetailScreen;
			sourceTree = "<group>";
		};
		395BB26D281A9E5E00D99640 /* Presenter */ = {
			isa = PBXGroup;
			children = (
				392026AF281AC83F000D0618 /* DetailPresenter.swift */,
			);
			path = Presenter;
			sourceTree = "<group>";
		};
		395BB26E281A9E6600D99640 /* View */ = {
			isa = PBXGroup;
			children = (
				395BB274281A9F1F00D99640 /* ViewController */,
				395BB275281A9F2C00D99640 /* TableViewCell */,
			);
			path = View;
			sourceTree = "<group>";
		};
		395BB26F281A9E6A00D99640 /* Model */ = {
			isa = PBXGroup;
			children = (
			);
			path = Model;
			sourceTree = "<group>";
		};
		395BB274281A9F1F00D99640 /* ViewController */ = {
			isa = PBXGroup;
			children = (
				395BB270281A9EBF00D99640 /* DetailViewController.swift */,
				392026B1281ADFD5000D0618 /* DetailViewController.xib */,
			);
			path = ViewController;
			sourceTree = "<group>";
		};
		395BB275281A9F2C00D99640 /* TableViewCell */ = {
			isa = PBXGroup;
			children = (
				395BB278281A9F7000D99640 /* DetailTableViewCell.swift */,
				395BB279281A9F7000D99640 /* DetailTableViewCell.xib */,
			);
			path = TableViewCell;
			sourceTree = "<group>";
		};
		3962A1E127DCA40500358C48 = {
			isa = PBXGroup;
			children = (
				3962A1EC27DCA40500358C48 /* SleepApp */,
				39447C7D281AFC330058A7A5 /* SleepAppTests */,
				3962A1EB27DCA40500358C48 /* Products */,
				92BFCF53760EC96E8C625F8A /* Pods */,
				D6E8F7DC7CF3CC689AA3DD8B /* Frameworks */,
			);
			sourceTree = "<group>";
		};
		3962A1EB27DCA40500358C48 /* Products */ = {
			isa = PBXGroup;
			children = (
				3962A1EA27DCA40500358C48 /* SleepApp.app */,
				39447C7C281AFC330058A7A5 /* SleepAppTests.xctest */,
			);
			name = Products;
			sourceTree = "<group>";
		};
		3962A1EC27DCA40500358C48 /* SleepApp */ = {
			isa = PBXGroup;
			children = (
				284CC14D27FF7F2700878E8E /* RestModule */,
				284CC14E27FF7F4500878E8E /* InfoModule */,
				284CC14F27FF7F4F00878E8E /* ListenModule */,
				284CC15027FF7F5A00878E8E /* ProfileModule */,
				3962A1ED27DCA40500358C48 /* AppDelegate.swift */,
				3962A1EF27DCA40500358C48 /* SceneDelegate.swift */,
				39224AF127EB6795005CC973 /* Resources */,
			);
			path = SleepApp;
			sourceTree = "<group>";
		};
		397A997B2819BAE10028E880 /* ViewController */ = {
			isa = PBXGroup;
			children = (
				39816210281842B600963F04 /* MainViewController.swift */,
				397A99772819AF180028E880 /* MainViewController.xib */,
			);
			path = ViewController;
			sourceTree = "<group>";
		};
		397A997C2819BAFD0028E880 /* TableViewCell */ = {
			isa = PBXGroup;
			children = (
				39447C64281AE8C60058A7A5 /* MainTableViewCell.swift */,
				39447C65281AE8C60058A7A5 /* MainTableViewCell.xib */,
			);
			path = TableViewCell;
			sourceTree = "<group>";
		};
		3981620628170CC900963F04 /* View */ = {
			isa = PBXGroup;
			children = (
				39EEC711284BF6B5008879ED /* CollectionViewCells */,
				39EEC712284BF6CA008879ED /* ViewController */,
			);
			path = View;
			sourceTree = "<group>";
		};
		3981620728170CD100963F04 /* Model */ = {
			isa = PBXGroup;
			children = (
				39FEF24B284CB1F000335100 /* InfoStructures.swift */,
			);
			path = Model;
			sourceTree = "<group>";
		};
		3981620828170CD600963F04 /* Presenter */ = {
			isa = PBXGroup;
			children = (
				398162022817094F00963F04 /* InfoPresenter.swift */,
			);
			path = Presenter;
			sourceTree = "<group>";
		};
		3981620D2818424D00963F04 /* Model */ = {
			isa = PBXGroup;
			children = (
				397A99752819A8700028E880 /* ContentStructures.swift */,
			);
			path = Model;
			sourceTree = "<group>";
		};
		3981620E2818425400963F04 /* View */ = {
			isa = PBXGroup;
			children = (
				397A997B2819BAE10028E880 /* ViewController */,
				397A997C2819BAFD0028E880 /* TableViewCell */,
			);
			path = View;
			sourceTree = "<group>";
		};
		3981620F2818425E00963F04 /* Presenter */ = {
			isa = PBXGroup;
			children = (
				398162142818438000963F04 /* MainPresenter.swift */,
			);
			path = Presenter;
			sourceTree = "<group>";
		};
		3981621A2818538200963F04 /* Presenter */ = {
			isa = PBXGroup;
			children = (
				398162232818542300963F04 /* RestPresenter.swift */,
			);
			path = Presenter;
			sourceTree = "<group>";
		};
		3981621B2818538700963F04 /* View */ = {
			isa = PBXGroup;
			children = (
				3981621F281853B700963F04 /* RestViewController.swift */,
				398162362818670300963F04 /* RestViewController.xib */,
			);
			path = View;
			sourceTree = "<group>";
		};
		3981621C2818538D00963F04 /* Model */ = {
			isa = PBXGroup;
			children = (
			);
			path = Model;
			sourceTree = "<group>";
		};
		398162252818546600963F04 /* Presenter */ = {
			isa = PBXGroup;
			children = (
				3981622E281855E500963F04 /* ProfilePresenter.swift */,
			);
			path = Presenter;
			sourceTree = "<group>";
		};
		398162262818546B00963F04 /* View */ = {
			isa = PBXGroup;
			children = (
				398162282818552400963F04 /* ProfileViewController.swift */,
				398162342818650200963F04 /* ProfileViewController.xib */,
				3981622C2818556D00963F04 /* View.xib */,
			);
			path = View;
			sourceTree = "<group>";
		};
		398162272818547000963F04 /* Model */ = {
			isa = PBXGroup;
			children = (
			);
			path = Model;
			sourceTree = "<group>";
		};
		39A598FD2840F15400E1A391 /* Services */ = {
			isa = PBXGroup;
			children = (
				39BE29542821294F00AD7AF5 /* Router.swift */,
				3981621828184FFD00963F04 /* AssemblyBuilderProtocol.swift */,
				39A598FE2840F16400E1A391 /* NetworkService.swift */,
			);
			path = Services;
			sourceTree = "<group>";
		};
		39A599002840FE4C00E1A391 /* ListenScreen */ = {
			isa = PBXGroup;
			children = (
				39A599012840FE5F00E1A391 /* Model */,
				39A599022840FE6800E1A391 /* View */,
				39A599032840FE6D00E1A391 /* Presenter */,
			);
			path = ListenScreen;
			sourceTree = "<group>";
		};
		39A599012840FE5F00E1A391 /* Model */ = {
			isa = PBXGroup;
			children = (
			);
			path = Model;
			sourceTree = "<group>";
		};
		39A599022840FE6800E1A391 /* View */ = {
			isa = PBXGroup;
			children = (
				39A599082840FEAB00E1A391 /* ViewController */,
			);
			path = View;
			sourceTree = "<group>";
		};
		39A599032840FE6D00E1A391 /* Presenter */ = {
			isa = PBXGroup;
			children = (
				39A599092840FFF000E1A391 /* ListenPresenter.swift */,
			);
			path = Presenter;
			sourceTree = "<group>";
		};
		39A599082840FEAB00E1A391 /* ViewController */ = {
			isa = PBXGroup;
			children = (
				39A599052840FE9A00E1A391 /* ListenViewController.xib */,
				39A599042840FE9A00E1A391 /* ListenViewController.swift */,
			);
			path = ViewController;
			sourceTree = "<group>";
		};
		39A5990B284BD4DA00E1A391 /* InitialScreen */ = {
			isa = PBXGroup;
			children = (
				3981620728170CD100963F04 /* Model */,
				3981620628170CC900963F04 /* View */,
				3981620828170CD600963F04 /* Presenter */,
			);
			path = InitialScreen;
			sourceTree = "<group>";
		};
		39A5990C284BD4E900E1A391 /* DetailScreen */ = {
			isa = PBXGroup;
			children = (
				39A5990D284BD4FD00E1A391 /* Model */,
				39A5990E284BD50200E1A391 /* View */,
				39A5990F284BD50700E1A391 /* Presenter */,
			);
			path = DetailScreen;
			sourceTree = "<group>";
		};
		39A5990D284BD4FD00E1A391 /* Model */ = {
			isa = PBXGroup;
			children = (
			);
			path = Model;
			sourceTree = "<group>";
		};
		39A5990E284BD50200E1A391 /* View */ = {
			isa = PBXGroup;
			children = (
				39FEF24D284CBB2200335100 /* InfoDetailViewController.swift */,
				39FEF24E284CBB2200335100 /* InfoDetailViewController.xib */,
			);
			path = View;
			sourceTree = "<group>";
		};
		39A5990F284BD50700E1A391 /* Presenter */ = {
			isa = PBXGroup;
			children = (
				39FEF251284CBE2200335100 /* InfoDetailPresenter.swift */,
			);
			path = Presenter;
			sourceTree = "<group>";
		};
		39EEC711284BF6B5008879ED /* CollectionViewCells */ = {
			isa = PBXGroup;
			children = (
				39EEC723284BFE9F008879ED /* BigCell */,
				39EEC724284BFEC3008879ED /* BigCellCollectionViewCell.swift */,
				39EEC725284BFEC3008879ED /* BigCellCollectionViewCell.xib */,
				39A59910284BD7BC00E1A391 /* CollectionViewCell.swift */,
				39A59911284BD7BC00E1A391 /* CollectionViewCell.xib */,
			);
			path = CollectionViewCells;
			sourceTree = "<group>";
		};
		39EEC712284BF6CA008879ED /* ViewController */ = {
			isa = PBXGroup;
			children = (
				3981621628184A2700963F04 /* InfoViewController.xib */,
				39816209281712A300963F04 /* InfoViewController.swift */,
			);
			path = ViewController;
			sourceTree = "<group>";
		};
		39EEC723284BFE9F008879ED /* BigCell */ = {
			isa = PBXGroup;
			children = (
				39EEC71B284BFAFE008879ED /* BigCollectionViewCell.swift */,
				39EEC71C284BFAFE008879ED /* BigCollectionViewCell.xib */,
			);
			path = BigCell;
			sourceTree = "<group>";
		};
		92BFCF53760EC96E8C625F8A /* Pods */ = {
			isa = PBXGroup;
			children = (
				BE9C78439BE333DB0EF3B69B /* Pods-SleepApp.debug.xcconfig */,
				33BC5C6A3A0639204C22A402 /* Pods-SleepApp.release.xcconfig */,
			);
			path = Pods;
			sourceTree = "<group>";
		};
		D6E8F7DC7CF3CC689AA3DD8B /* Frameworks */ = {
			isa = PBXGroup;
			children = (
				A650A8BA26000A4EFB304217 /* Pods_SleepApp.framework */,
			);
			name = Frameworks;
			sourceTree = "<group>";
		};
/* End PBXGroup section */

/* Begin PBXNativeTarget section */
		39447C7B281AFC330058A7A5 /* SleepAppTests */ = {
			isa = PBXNativeTarget;
			buildConfigurationList = 39447C82281AFC330058A7A5 /* Build configuration list for PBXNativeTarget "SleepAppTests" */;
			buildPhases = (
				39447C78281AFC330058A7A5 /* Sources */,
				39447C79281AFC330058A7A5 /* Frameworks */,
				39447C7A281AFC330058A7A5 /* Resources */,
			);
			buildRules = (
			);
			dependencies = (
				39447C81281AFC330058A7A5 /* PBXTargetDependency */,
			);
			name = SleepAppTests;
			productName = SleepAppTests;
			productReference = 39447C7C281AFC330058A7A5 /* SleepAppTests.xctest */;
			productType = "com.apple.product-type.bundle.unit-test";
		};
		3962A1E927DCA40500358C48 /* SleepApp */ = {
			isa = PBXNativeTarget;
			buildConfigurationList = 3962A1FE27DCA40600358C48 /* Build configuration list for PBXNativeTarget "SleepApp" */;
			buildPhases = (
				906E0D758C3C9117BA762A11 /* [CP] Check Pods Manifest.lock */,
				39EC50CC27F08CC600536424 /* ShellScript */,
				3962A1E627DCA40500358C48 /* Sources */,
				3962A1E727DCA40500358C48 /* Frameworks */,
				3962A1E827DCA40500358C48 /* Resources */,
			);
			buildRules = (
			);
			dependencies = (
			);
			name = SleepApp;
			productName = "Sleep App";
			productReference = 3962A1EA27DCA40500358C48 /* SleepApp.app */;
			productType = "com.apple.product-type.application";
		};
/* End PBXNativeTarget section */

/* Begin PBXProject section */
		3962A1E227DCA40500358C48 /* Project object */ = {
			isa = PBXProject;
			attributes = {
				BuildIndependentTargetsInParallel = 1;
				LastSwiftUpdateCheck = 1330;
				LastUpgradeCheck = 1300;
				TargetAttributes = {
					39447C7B281AFC330058A7A5 = {
						CreatedOnToolsVersion = 13.3;
						TestTargetID = 3962A1E927DCA40500358C48;
					};
					3962A1E927DCA40500358C48 = {
						CreatedOnToolsVersion = 13.0;
					};
				};
			};
			buildConfigurationList = 3962A1E527DCA40500358C48 /* Build configuration list for PBXProject "SleepApp" */;
			compatibilityVersion = "Xcode 13.0";
			developmentRegion = en;
			hasScannedForEncodings = 0;
			knownRegions = (
				en,
				Base,
			);
			mainGroup = 3962A1E127DCA40500358C48;
			productRefGroup = 3962A1EB27DCA40500358C48 /* Products */;
			projectDirPath = "";
			projectRoot = "";
			targets = (
				3962A1E927DCA40500358C48 /* SleepApp */,
				39447C7B281AFC330058A7A5 /* SleepAppTests */,
			);
		};
/* End PBXProject section */

/* Begin PBXResourcesBuildPhase section */
		39447C7A281AFC330058A7A5 /* Resources */ = {
			isa = PBXResourcesBuildPhase;
			buildActionMask = 2147483647;
			files = (
			);
			runOnlyForDeploymentPostprocessing = 0;
		};
		3962A1E827DCA40500358C48 /* Resources */ = {
			isa = PBXResourcesBuildPhase;
			buildActionMask = 2147483647;
			files = (
				398162352818650200963F04 /* ProfileViewController.xib in Resources */,
				3962A1FA27DCA40600358C48 /* LaunchScreen.storyboard in Resources */,
				39A59913284BD7BC00E1A391 /* CollectionViewCell.xib in Resources */,
				398162372818670300963F04 /* RestViewController.xib in Resources */,
				397A99782819AF180028E880 /* MainViewController.xib in Resources */,
				39447C67281AE8C60058A7A5 /* MainTableViewCell.xib in Resources */,
				39EEC71E284BFAFE008879ED /* BigCollectionViewCell.xib in Resources */,
				3981622D2818556D00963F04 /* View.xib in Resources */,
				395BB27B281A9F7000D99640 /* DetailTableViewCell.xib in Resources */,
				39A599072840FE9A00E1A391 /* ListenViewController.xib in Resources */,
				39FEF250284CBB2200335100 /* InfoDetailViewController.xib in Resources */,
				392026B2281ADFD5000D0618 /* DetailViewController.xib in Resources */,
				3962A1F727DCA40600358C48 /* Assets.xcassets in Resources */,
				3981621728184A2700963F04 /* InfoViewController.xib in Resources */,
				39EEC727284BFEC3008879ED /* BigCellCollectionViewCell.xib in Resources */,
			);
			runOnlyForDeploymentPostprocessing = 0;
		};
/* End PBXResourcesBuildPhase section */

/* Begin PBXShellScriptBuildPhase section */
		39EC50CC27F08CC600536424 /* ShellScript */ = {
			isa = PBXShellScriptBuildPhase;
			buildActionMask = 2147483647;
			files = (
			);
			inputFileListPaths = (
			);
			inputPaths = (
			);
			outputFileListPaths = (
			);
			outputPaths = (
			);
			runOnlyForDeploymentPostprocessing = 0;
			shellPath = /bin/sh;
			shellScript = "${PODS_ROOT}/SwiftLint/swiftlint\n";
		};
		906E0D758C3C9117BA762A11 /* [CP] Check Pods Manifest.lock */ = {
			isa = PBXShellScriptBuildPhase;
			buildActionMask = 2147483647;
			files = (
			);
			inputFileListPaths = (
			);
			inputPaths = (
				"${PODS_PODFILE_DIR_PATH}/Podfile.lock",
				"${PODS_ROOT}/Manifest.lock",
			);
			name = "[CP] Check Pods Manifest.lock";
			outputFileListPaths = (
			);
			outputPaths = (
				"$(DERIVED_FILE_DIR)/Pods-SleepApp-checkManifestLockResult.txt",
			);
			runOnlyForDeploymentPostprocessing = 0;
			shellPath = /bin/sh;
			shellScript = "diff \"${PODS_PODFILE_DIR_PATH}/Podfile.lock\" \"${PODS_ROOT}/Manifest.lock\" > /dev/null\nif [ $? != 0 ] ; then\n    # print error to STDERR\n    echo \"error: The sandbox is not in sync with the Podfile.lock. Run 'pod install' or update your CocoaPods installation.\" >&2\n    exit 1\nfi\n# This output is used by Xcode 'outputs' to avoid re-running this script phase.\necho \"SUCCESS\" > \"${SCRIPT_OUTPUT_FILE_0}\"\n";
			showEnvVarsInLog = 0;
		};
/* End PBXShellScriptBuildPhase section */

/* Begin PBXSourcesBuildPhase section */
		39447C78281AFC330058A7A5 /* Sources */ = {
			isa = PBXSourcesBuildPhase;
			buildActionMask = 2147483647;
			files = (
				39447C86281AFEC50058A7A5 /* PresenterTests.swift in Sources */,
				39BE2957282148BE00AD7AF5 /* RouterTest.swift in Sources */,
				39447C7F281AFC330058A7A5 /* SleepAppTests.swift in Sources */,
			);
			runOnlyForDeploymentPostprocessing = 0;
		};
		3962A1E627DCA40500358C48 /* Sources */ = {
			isa = PBXSourcesBuildPhase;
			buildActionMask = 2147483647;
			files = (
				39A598FF2840F16400E1A391 /* NetworkService.swift in Sources */,
				39EEC71D284BFAFE008879ED /* BigCollectionViewCell.swift in Sources */,
				395BB27A281A9F7000D99640 /* DetailTableViewCell.swift in Sources */,
				3962A1EE27DCA40500358C48 /* AppDelegate.swift in Sources */,
				395BB272281A9EBF00D99640 /* DetailViewController.swift in Sources */,
				39447C66281AE8C60058A7A5 /* MainTableViewCell.swift in Sources */,
				39FEF252284CBE2200335100 /* InfoDetailPresenter.swift in Sources */,
				39A59912284BD7BC00E1A391 /* CollectionViewCell.swift in Sources */,
				398162032817094F00963F04 /* InfoPresenter.swift in Sources */,
				39816221281853B700963F04 /* RestViewController.swift in Sources */,
				3981621E2818539900963F04 /* RestBuilder.swift in Sources */,
				39FEF248284C175A00335100 /* InfoRouter.swift in Sources */,
				3981620A281712A300963F04 /* InfoViewController.swift in Sources */,
				3962A1F027DCA40500358C48 /* SceneDelegate.swift in Sources */,
				39A599062840FE9A00E1A391 /* ListenViewController.swift in Sources */,
				3981622A2818552400963F04 /* ProfileViewController.swift in Sources */,
				392026B0281AC83F000D0618 /* DetailPresenter.swift in Sources */,
				3981621928184FFD00963F04 /* AssemblyBuilderProtocol.swift in Sources */,
				39BE29552821294F00AD7AF5 /* Router.swift in Sources */,
				39A5990A2840FFF000E1A391 /* ListenPresenter.swift in Sources */,
				398162152818438000963F04 /* MainPresenter.swift in Sources */,
				3981620C2817132D00963F04 /* InfoBuilder.swift in Sources */,
				398162242818542300963F04 /* RestPresenter.swift in Sources */,
				39816212281842B600963F04 /* MainViewController.swift in Sources */,
				3981622F281855E500963F04 /* ProfilePresenter.swift in Sources */,
				3932749C282FA9F500C2F790 /* TableViewAnimator.swift in Sources */,
				398162312818561500963F04 /* ProfileBuilder.swift in Sources */,
				397A99762819A8700028E880 /* ContentStructures.swift in Sources */,
				39FEF24F284CBB2200335100 /* InfoDetailViewController.swift in Sources */,
				39FEF24C284CB1F100335100 /* InfoStructures.swift in Sources */,
				39EEC726284BFEC3008879ED /* BigCellCollectionViewCell.swift in Sources */,
			);
			runOnlyForDeploymentPostprocessing = 0;
		};
/* End PBXSourcesBuildPhase section */

/* Begin PBXTargetDependency section */
		39447C81281AFC330058A7A5 /* PBXTargetDependency */ = {
			isa = PBXTargetDependency;
			target = 3962A1E927DCA40500358C48 /* SleepApp */;
			targetProxy = 39447C80281AFC330058A7A5 /* PBXContainerItemProxy */;
		};
/* End PBXTargetDependency section */

/* Begin PBXVariantGroup section */
		3962A1F827DCA40600358C48 /* LaunchScreen.storyboard */ = {
			isa = PBXVariantGroup;
			children = (
				3962A1F927DCA40600358C48 /* Base */,
			);
			name = LaunchScreen.storyboard;
			sourceTree = "<group>";
		};
/* End PBXVariantGroup section */

/* Begin XCBuildConfiguration section */
		39447C83281AFC330058A7A5 /* Debug */ = {
			isa = XCBuildConfiguration;
			buildSettings = {
				BUNDLE_LOADER = "$(TEST_HOST)";
				CODE_SIGN_STYLE = Automatic;
				CURRENT_PROJECT_VERSION = 1;
				DEVELOPMENT_TEAM = 2JXHDBN22D;
				GENERATE_INFOPLIST_FILE = YES;
				IPHONEOS_DEPLOYMENT_TARGET = 15.4;
				MARKETING_VERSION = 1.0;
				PRODUCT_BUNDLE_IDENTIFIER = ITIS.SleepAppTests;
				PRODUCT_NAME = "$(TARGET_NAME)";
				SWIFT_EMIT_LOC_STRINGS = NO;
				SWIFT_VERSION = 5.0;
				TARGETED_DEVICE_FAMILY = "1,2";
				TEST_HOST = "$(BUILT_PRODUCTS_DIR)/SleepApp.app/SleepApp";
			};
			name = Debug;
		};
		39447C84281AFC330058A7A5 /* Release */ = {
			isa = XCBuildConfiguration;
			buildSettings = {
				BUNDLE_LOADER = "$(TEST_HOST)";
				CODE_SIGN_STYLE = Automatic;
				CURRENT_PROJECT_VERSION = 1;
				DEVELOPMENT_TEAM = 2JXHDBN22D;
				GENERATE_INFOPLIST_FILE = YES;
				IPHONEOS_DEPLOYMENT_TARGET = 15.4;
				MARKETING_VERSION = 1.0;
				PRODUCT_BUNDLE_IDENTIFIER = ITIS.SleepAppTests;
				PRODUCT_NAME = "$(TARGET_NAME)";
				SWIFT_EMIT_LOC_STRINGS = NO;
				SWIFT_VERSION = 5.0;
				TARGETED_DEVICE_FAMILY = "1,2";
				TEST_HOST = "$(BUILT_PRODUCTS_DIR)/SleepApp.app/SleepApp";
			};
			name = Release;
		};
		3962A1FC27DCA40600358C48 /* Debug */ = {
			isa = XCBuildConfiguration;
			buildSettings = {
				ALWAYS_SEARCH_USER_PATHS = NO;
				CLANG_ANALYZER_NONNULL = YES;
				CLANG_ANALYZER_NUMBER_OBJECT_CONVERSION = YES_AGGRESSIVE;
				CLANG_CXX_LANGUAGE_STANDARD = "gnu++17";
				CLANG_CXX_LIBRARY = "libc++";
				CLANG_ENABLE_MODULES = YES;
				CLANG_ENABLE_OBJC_ARC = YES;
				CLANG_ENABLE_OBJC_WEAK = YES;
				CLANG_WARN_BLOCK_CAPTURE_AUTORELEASING = YES;
				CLANG_WARN_BOOL_CONVERSION = YES;
				CLANG_WARN_COMMA = YES;
				CLANG_WARN_CONSTANT_CONVERSION = YES;
				CLANG_WARN_DEPRECATED_OBJC_IMPLEMENTATIONS = YES;
				CLANG_WARN_DIRECT_OBJC_ISA_USAGE = YES_ERROR;
				CLANG_WARN_DOCUMENTATION_COMMENTS = YES;
				CLANG_WARN_EMPTY_BODY = YES;
				CLANG_WARN_ENUM_CONVERSION = YES;
				CLANG_WARN_INFINITE_RECURSION = YES;
				CLANG_WARN_INT_CONVERSION = YES;
				CLANG_WARN_NON_LITERAL_NULL_CONVERSION = YES;
				CLANG_WARN_OBJC_IMPLICIT_RETAIN_SELF = YES;
				CLANG_WARN_OBJC_LITERAL_CONVERSION = YES;
				CLANG_WARN_OBJC_ROOT_CLASS = YES_ERROR;
				CLANG_WARN_QUOTED_INCLUDE_IN_FRAMEWORK_HEADER = YES;
				CLANG_WARN_RANGE_LOOP_ANALYSIS = YES;
				CLANG_WARN_STRICT_PROTOTYPES = YES;
				CLANG_WARN_SUSPICIOUS_MOVE = YES;
				CLANG_WARN_UNGUARDED_AVAILABILITY = YES_AGGRESSIVE;
				CLANG_WARN_UNREACHABLE_CODE = YES;
				CLANG_WARN__DUPLICATE_METHOD_MATCH = YES;
				COPY_PHASE_STRIP = NO;
				DEBUG_INFORMATION_FORMAT = dwarf;
				ENABLE_STRICT_OBJC_MSGSEND = YES;
				ENABLE_TESTABILITY = YES;
				GCC_C_LANGUAGE_STANDARD = gnu11;
				GCC_DYNAMIC_NO_PIC = NO;
				GCC_NO_COMMON_BLOCKS = YES;
				GCC_OPTIMIZATION_LEVEL = 0;
				GCC_PREPROCESSOR_DEFINITIONS = (
					"DEBUG=1",
					"$(inherited)",
				);
				GCC_WARN_64_TO_32_BIT_CONVERSION = YES;
				GCC_WARN_ABOUT_RETURN_TYPE = YES_ERROR;
				GCC_WARN_UNDECLARED_SELECTOR = YES;
				GCC_WARN_UNINITIALIZED_AUTOS = YES_AGGRESSIVE;
				GCC_WARN_UNUSED_FUNCTION = YES;
				GCC_WARN_UNUSED_VARIABLE = YES;
				IPHONEOS_DEPLOYMENT_TARGET = 15.0;
				MTL_ENABLE_DEBUG_INFO = INCLUDE_SOURCE;
				MTL_FAST_MATH = YES;
				ONLY_ACTIVE_ARCH = YES;
				SDKROOT = iphoneos;
				SWIFT_ACTIVE_COMPILATION_CONDITIONS = DEBUG;
				SWIFT_OPTIMIZATION_LEVEL = "-Onone";
			};
			name = Debug;
		};
		3962A1FD27DCA40600358C48 /* Release */ = {
			isa = XCBuildConfiguration;
			buildSettings = {
				ALWAYS_SEARCH_USER_PATHS = NO;
				CLANG_ANALYZER_NONNULL = YES;
				CLANG_ANALYZER_NUMBER_OBJECT_CONVERSION = YES_AGGRESSIVE;
				CLANG_CXX_LANGUAGE_STANDARD = "gnu++17";
				CLANG_CXX_LIBRARY = "libc++";
				CLANG_ENABLE_MODULES = YES;
				CLANG_ENABLE_OBJC_ARC = YES;
				CLANG_ENABLE_OBJC_WEAK = YES;
				CLANG_WARN_BLOCK_CAPTURE_AUTORELEASING = YES;
				CLANG_WARN_BOOL_CONVERSION = YES;
				CLANG_WARN_COMMA = YES;
				CLANG_WARN_CONSTANT_CONVERSION = YES;
				CLANG_WARN_DEPRECATED_OBJC_IMPLEMENTATIONS = YES;
				CLANG_WARN_DIRECT_OBJC_ISA_USAGE = YES_ERROR;
				CLANG_WARN_DOCUMENTATION_COMMENTS = YES;
				CLANG_WARN_EMPTY_BODY = YES;
				CLANG_WARN_ENUM_CONVERSION = YES;
				CLANG_WARN_INFINITE_RECURSION = YES;
				CLANG_WARN_INT_CONVERSION = YES;
				CLANG_WARN_NON_LITERAL_NULL_CONVERSION = YES;
				CLANG_WARN_OBJC_IMPLICIT_RETAIN_SELF = YES;
				CLANG_WARN_OBJC_LITERAL_CONVERSION = YES;
				CLANG_WARN_OBJC_ROOT_CLASS = YES_ERROR;
				CLANG_WARN_QUOTED_INCLUDE_IN_FRAMEWORK_HEADER = YES;
				CLANG_WARN_RANGE_LOOP_ANALYSIS = YES;
				CLANG_WARN_STRICT_PROTOTYPES = YES;
				CLANG_WARN_SUSPICIOUS_MOVE = YES;
				CLANG_WARN_UNGUARDED_AVAILABILITY = YES_AGGRESSIVE;
				CLANG_WARN_UNREACHABLE_CODE = YES;
				CLANG_WARN__DUPLICATE_METHOD_MATCH = YES;
				COPY_PHASE_STRIP = NO;
				DEBUG_INFORMATION_FORMAT = "dwarf-with-dsym";
				ENABLE_NS_ASSERTIONS = NO;
				ENABLE_STRICT_OBJC_MSGSEND = YES;
				GCC_C_LANGUAGE_STANDARD = gnu11;
				GCC_NO_COMMON_BLOCKS = YES;
				GCC_WARN_64_TO_32_BIT_CONVERSION = YES;
				GCC_WARN_ABOUT_RETURN_TYPE = YES_ERROR;
				GCC_WARN_UNDECLARED_SELECTOR = YES;
				GCC_WARN_UNINITIALIZED_AUTOS = YES_AGGRESSIVE;
				GCC_WARN_UNUSED_FUNCTION = YES;
				GCC_WARN_UNUSED_VARIABLE = YES;
				IPHONEOS_DEPLOYMENT_TARGET = 15.0;
				MTL_ENABLE_DEBUG_INFO = NO;
				MTL_FAST_MATH = YES;
				SDKROOT = iphoneos;
				SWIFT_COMPILATION_MODE = wholemodule;
				SWIFT_OPTIMIZATION_LEVEL = "-O";
				VALIDATE_PRODUCT = YES;
			};
			name = Release;
		};
		3962A1FF27DCA40600358C48 /* Debug */ = {
			isa = XCBuildConfiguration;
			baseConfigurationReference = BE9C78439BE333DB0EF3B69B /* Pods-SleepApp.debug.xcconfig */;
			buildSettings = {
				ASSETCATALOG_COMPILER_APPICON_NAME = AppIcon;
				ASSETCATALOG_COMPILER_GLOBAL_ACCENT_COLOR_NAME = AccentColor;
				CODE_SIGN_STYLE = Automatic;
				CURRENT_PROJECT_VERSION = 1;
				DEVELOPMENT_TEAM = 2JXHDBN22D;
				GENERATE_INFOPLIST_FILE = YES;
				INFOPLIST_FILE = SleepApp/Resources/Info.plist;
				INFOPLIST_KEY_UIApplicationSupportsIndirectInputEvents = YES;
				INFOPLIST_KEY_UILaunchStoryboardName = LaunchScreen;
				INFOPLIST_KEY_UISupportedInterfaceOrientations_iPad = "UIInterfaceOrientationPortrait UIInterfaceOrientationPortraitUpsideDown UIInterfaceOrientationLandscapeLeft UIInterfaceOrientationLandscapeRight";
				INFOPLIST_KEY_UISupportedInterfaceOrientations_iPhone = "UIInterfaceOrientationPortrait UIInterfaceOrientationLandscapeLeft UIInterfaceOrientationLandscapeRight";
				INFOPLIST_KEY_UIUserInterfaceStyle = Dark;
				IPHONEOS_DEPLOYMENT_TARGET = 15.0;
				LD_RUNPATH_SEARCH_PATHS = (
					"$(inherited)",
					"@executable_path/Frameworks",
				);
				MARKETING_VERSION = 1.0;
				PRODUCT_BUNDLE_IDENTIFIER = "ITIS.Sleep-App";
				PRODUCT_NAME = "$(TARGET_NAME)";
				SWIFT_EMIT_LOC_STRINGS = YES;
				SWIFT_VERSION = 5.0;
				TARGETED_DEVICE_FAMILY = "1,2";
			};
			name = Debug;
		};
		3962A20027DCA40600358C48 /* Release */ = {
			isa = XCBuildConfiguration;
			baseConfigurationReference = 33BC5C6A3A0639204C22A402 /* Pods-SleepApp.release.xcconfig */;
			buildSettings = {
				ASSETCATALOG_COMPILER_APPICON_NAME = AppIcon;
				ASSETCATALOG_COMPILER_GLOBAL_ACCENT_COLOR_NAME = AccentColor;
				CODE_SIGN_STYLE = Automatic;
				CURRENT_PROJECT_VERSION = 1;
				DEVELOPMENT_TEAM = 2JXHDBN22D;
				GENERATE_INFOPLIST_FILE = YES;
				INFOPLIST_FILE = SleepApp/Resources/Info.plist;
				INFOPLIST_KEY_UIApplicationSupportsIndirectInputEvents = YES;
				INFOPLIST_KEY_UILaunchStoryboardName = LaunchScreen;
				INFOPLIST_KEY_UISupportedInterfaceOrientations_iPad = "UIInterfaceOrientationPortrait UIInterfaceOrientationPortraitUpsideDown UIInterfaceOrientationLandscapeLeft UIInterfaceOrientationLandscapeRight";
				INFOPLIST_KEY_UISupportedInterfaceOrientations_iPhone = "UIInterfaceOrientationPortrait UIInterfaceOrientationLandscapeLeft UIInterfaceOrientationLandscapeRight";
				INFOPLIST_KEY_UIUserInterfaceStyle = Dark;
				IPHONEOS_DEPLOYMENT_TARGET = 15.0;
				LD_RUNPATH_SEARCH_PATHS = (
					"$(inherited)",
					"@executable_path/Frameworks",
				);
				MARKETING_VERSION = 1.0;
				PRODUCT_BUNDLE_IDENTIFIER = "ITIS.Sleep-App";
				PRODUCT_NAME = "$(TARGET_NAME)";
				SWIFT_EMIT_LOC_STRINGS = YES;
				SWIFT_VERSION = 5.0;
				TARGETED_DEVICE_FAMILY = "1,2";
			};
			name = Release;
		};
/* End XCBuildConfiguration section */

/* Begin XCConfigurationList section */
		39447C82281AFC330058A7A5 /* Build configuration list for PBXNativeTarget "SleepAppTests" */ = {
			isa = XCConfigurationList;
			buildConfigurations = (
				39447C83281AFC330058A7A5 /* Debug */,
				39447C84281AFC330058A7A5 /* Release */,
			);
			defaultConfigurationIsVisible = 0;
			defaultConfigurationName = Release;
		};
		3962A1E527DCA40500358C48 /* Build configuration list for PBXProject "SleepApp" */ = {
			isa = XCConfigurationList;
			buildConfigurations = (
				3962A1FC27DCA40600358C48 /* Debug */,
				3962A1FD27DCA40600358C48 /* Release */,
			);
			defaultConfigurationIsVisible = 0;
			defaultConfigurationName = Release;
		};
		3962A1FE27DCA40600358C48 /* Build configuration list for PBXNativeTarget "SleepApp" */ = {
			isa = XCConfigurationList;
			buildConfigurations = (
				3962A1FF27DCA40600358C48 /* Debug */,
				3962A20027DCA40600358C48 /* Release */,
			);
			defaultConfigurationIsVisible = 0;
			defaultConfigurationName = Release;
		};
/* End XCConfigurationList section */
	};
	rootObject = 3962A1E227DCA40500358C48 /* Project object */;
}
